
Microsoft Visual Studio Solution File, Format Version 12.00
# Visual Studio Version 17
VisualStudioVersion = 17.0.31912.275
MinimumVisualStudioVersion = 10.0.40219.1
Project("{2150E333-8FDC-42A3-9474-1A3956D46DE8}") = "Solution Items", "Solution Items", "{128EFE21-DDC5-4FCE-BB68-0CD6F8398C73}"
	ProjectSection(SolutionItems) = preProject
		.bettercodehub.yml = .bettercodehub.yml
		NuGet.Config = NuGet.Config
	EndProjectSection
EndProject
Project("{2150E333-8FDC-42A3-9474-1A3956D46DE8}") = "Platforms", "Platforms", "{BF5A32B0-CF2E-43E0-BC2B-9CDF5C86730B}"
EndProject
Project("{2150E333-8FDC-42A3-9474-1A3956D46DE8}") = "Portable", "Portable", "{B90E6AA0-E5D0-49FE-A88C-FD0219EFCAC5}"
EndProject
Project("{9A19103F-16F7-4668-BE54-9A1E7A4F7556}") = "RCS.PortableShop.Resources", "Portable\RCS.PortableShop.Resources\RCS.PortableShop.Resources.csproj", "{580F96C6-28DC-464D-8B08-48BD802B151D}"
EndProject
Project("{9A19103F-16F7-4668-BE54-9A1E7A4F7556}") = "RCS.PortableShop.ServiceClients.Products", "Portable\RCS.PortableShop.ServiceClients.Products\RCS.PortableShop.ServiceClients.Products.csproj", "{2BC02605-A316-4B63-A338-34D28E0CC2BC}"
EndProject
Project("{2150E333-8FDC-42A3-9474-1A3956D46DE8}") = "Shared", "Shared", "{444E2CF3-351A-495D-BCDD-9A113AD595E1}"
EndProject
Project("{9A19103F-16F7-4668-BE54-9A1E7A4F7556}") = "RCS.AdventureWorks.Common", "RCS.AdventureWorks.Common\RCS.AdventureWorks.Common.csproj", "{493D8ED2-1BA9-436C-981F-3A84523FA8A0}"
EndProject
Project("{2150E333-8FDC-42A3-9474-1A3956D46DE8}") = "Screenshots", "Screenshots", "{FE1EF84C-613E-4CD6-AE65-0094C4296095}"
	ProjectSection(SolutionItems) = preProject
		Screenshots\basket.png = Screenshots\basket.png
		Screenshots\details.png = Screenshots\details.png
		Screenshots\menu.png = Screenshots\menu.png
		Screenshots\overview.png = Screenshots\overview.png
		Screenshots\picture.png = Screenshots\picture.png
		Screenshots\splash.png = Screenshots\splash.png
	EndProjectSection
EndProject
Project("{9A19103F-16F7-4668-BE54-9A1E7A4F7556}") = "RCS.PortableShop", "Portable\RCS.PortableShop\RCS.PortableShop.csproj", "{BB290803-68D3-459C-8D93-5D8DC9EA29B4}"
EndProject
Project("{9A19103F-16F7-4668-BE54-9A1E7A4F7556}") = "RCS.PortableShop.Common", "Portable\RCS.PortableShop.Common\RCS.PortableShop.Common.csproj", "{D38BFDFC-AFDC-4688-B09B-821593E26AB6}"
EndProject
Project("{2150E333-8FDC-42A3-9474-1A3956D46DE8}") = "docs", "docs", "{5B91D6AC-FFB9-45ED-A093-67CB06FFB132}"
	ProjectSection(SolutionItems) = preProject
		docs\README.md = docs\README.md
	EndProjectSection
EndProject
Project("{2150E333-8FDC-42A3-9474-1A3956D46DE8}") = "XamarinForms", "XamarinForms", "{2C483D9C-5A51-4ABC-AEAA-C3CE8999C3F0}"
	ProjectSection(SolutionItems) = preProject
		docs\XamarinForms\README.md = docs\XamarinForms\README.md
	EndProjectSection
EndProject
Project("{2150E333-8FDC-42A3-9474-1A3956D46DE8}") = "Screenshots", "Screenshots", "{BDFAA699-C339-45B7-AB02-BD747B603E79}"
	ProjectSection(SolutionItems) = preProject
		docs\XamarinForms\Screenshots\basket.png = docs\XamarinForms\Screenshots\basket.png
		docs\XamarinForms\Screenshots\details.png = docs\XamarinForms\Screenshots\details.png
		docs\XamarinForms\Screenshots\menu.png = docs\XamarinForms\Screenshots\menu.png
		docs\XamarinForms\Screenshots\overview.png = docs\XamarinForms\Screenshots\overview.png
		docs\XamarinForms\Screenshots\picture.png = docs\XamarinForms\Screenshots\picture.png
		docs\XamarinForms\Screenshots\splash.png = docs\XamarinForms\Screenshots\splash.png
	EndProjectSection
EndProject
Project("{2150E333-8FDC-42A3-9474-1A3956D46DE8}") = "MAUI", "MAUI", "{408DB8CB-F58B-490D-A337-60AC4C4AF29D}"
	ProjectSection(SolutionItems) = preProject
		docs\MAUI\README.md = docs\MAUI\README.md
	EndProjectSection
EndProject
Global
	GlobalSection(SolutionConfigurationPlatforms) = preSolution
		Ad-Hoc|Any CPU = Ad-Hoc|Any CPU
		Ad-Hoc|ARM = Ad-Hoc|ARM
		Ad-Hoc|iPhone = Ad-Hoc|iPhone
		Ad-Hoc|iPhoneSimulator = Ad-Hoc|iPhoneSimulator
		Ad-Hoc|x64 = Ad-Hoc|x64
		Ad-Hoc|x86 = Ad-Hoc|x86
		AppStore|Any CPU = AppStore|Any CPU
		AppStore|ARM = AppStore|ARM
		AppStore|iPhone = AppStore|iPhone
		AppStore|iPhoneSimulator = AppStore|iPhoneSimulator
		AppStore|x64 = AppStore|x64
		AppStore|x86 = AppStore|x86
		Debug|Any CPU = Debug|Any CPU
		Debug|ARM = Debug|ARM
		Debug|iPhone = Debug|iPhone
		Debug|iPhoneSimulator = Debug|iPhoneSimulator
		Debug|x64 = Debug|x64
		Debug|x86 = Debug|x86
		RCS-PortableShop-Debug|Any CPU = RCS-PortableShop-Debug|Any CPU
		RCS-PortableShop-Debug|ARM = RCS-PortableShop-Debug|ARM
		RCS-PortableShop-Debug|iPhone = RCS-PortableShop-Debug|iPhone
		RCS-PortableShop-Debug|iPhoneSimulator = RCS-PortableShop-Debug|iPhoneSimulator
		RCS-PortableShop-Debug|x64 = RCS-PortableShop-Debug|x64
		RCS-PortableShop-Debug|x86 = RCS-PortableShop-Debug|x86
		RCS-PortableShop-Release|Any CPU = RCS-PortableShop-Release|Any CPU
		RCS-PortableShop-Release|ARM = RCS-PortableShop-Release|ARM
		RCS-PortableShop-Release|iPhone = RCS-PortableShop-Release|iPhone
		RCS-PortableShop-Release|iPhoneSimulator = RCS-PortableShop-Release|iPhoneSimulator
		RCS-PortableShop-Release|x64 = RCS-PortableShop-Release|x64
		RCS-PortableShop-Release|x86 = RCS-PortableShop-Release|x86
		Release|Any CPU = Release|Any CPU
		Release|ARM = Release|ARM
		Release|iPhone = Release|iPhone
		Release|iPhoneSimulator = Release|iPhoneSimulator
		Release|x64 = Release|x64
		Release|x86 = Release|x86
	EndGlobalSection
	GlobalSection(ProjectConfigurationPlatforms) = postSolution
		{580F96C6-28DC-464D-8B08-48BD802B151D}.Ad-Hoc|Any CPU.ActiveCfg = Debug|Any CPU
		{580F96C6-28DC-464D-8B08-48BD802B151D}.Ad-Hoc|Any CPU.Build.0 = Debug|Any CPU
		{580F96C6-28DC-464D-8B08-48BD802B151D}.Ad-Hoc|ARM.ActiveCfg = Debug|Any CPU
		{580F96C6-28DC-464D-8B08-48BD802B151D}.Ad-Hoc|ARM.Build.0 = Debug|Any CPU
		{580F96C6-28DC-464D-8B08-48BD802B151D}.Ad-Hoc|iPhone.ActiveCfg = Debug|Any CPU
		{580F96C6-28DC-464D-8B08-48BD802B151D}.Ad-Hoc|iPhone.Build.0 = Debug|Any CPU
		{580F96C6-28DC-464D-8B08-48BD802B151D}.Ad-Hoc|iPhoneSimulator.ActiveCfg = Debug|Any CPU
		{580F96C6-28DC-464D-8B08-48BD802B151D}.Ad-Hoc|iPhoneSimulator.Build.0 = Debug|Any CPU
		{580F96C6-28DC-464D-8B08-48BD802B151D}.Ad-Hoc|x64.ActiveCfg = Debug|Any CPU
		{580F96C6-28DC-464D-8B08-48BD802B151D}.Ad-Hoc|x64.Build.0 = Debug|Any CPU
		{580F96C6-28DC-464D-8B08-48BD802B151D}.Ad-Hoc|x86.ActiveCfg = Debug|Any CPU
		{580F96C6-28DC-464D-8B08-48BD802B151D}.Ad-Hoc|x86.Build.0 = Debug|Any CPU
		{580F96C6-28DC-464D-8B08-48BD802B151D}.AppStore|Any CPU.ActiveCfg = Debug|Any CPU
		{580F96C6-28DC-464D-8B08-48BD802B151D}.AppStore|Any CPU.Build.0 = Debug|Any CPU
		{580F96C6-28DC-464D-8B08-48BD802B151D}.AppStore|ARM.ActiveCfg = Debug|Any CPU
		{580F96C6-28DC-464D-8B08-48BD802B151D}.AppStore|ARM.Build.0 = Debug|Any CPU
		{580F96C6-28DC-464D-8B08-48BD802B151D}.AppStore|iPhone.ActiveCfg = Debug|Any CPU
		{580F96C6-28DC-464D-8B08-48BD802B151D}.AppStore|iPhone.Build.0 = Debug|Any CPU
		{580F96C6-28DC-464D-8B08-48BD802B151D}.AppStore|iPhoneSimulator.ActiveCfg = Debug|Any CPU
		{580F96C6-28DC-464D-8B08-48BD802B151D}.AppStore|iPhoneSimulator.Build.0 = Debug|Any CPU
		{580F96C6-28DC-464D-8B08-48BD802B151D}.AppStore|x64.ActiveCfg = Debug|Any CPU
		{580F96C6-28DC-464D-8B08-48BD802B151D}.AppStore|x64.Build.0 = Debug|Any CPU
		{580F96C6-28DC-464D-8B08-48BD802B151D}.AppStore|x86.ActiveCfg = Debug|Any CPU
		{580F96C6-28DC-464D-8B08-48BD802B151D}.AppStore|x86.Build.0 = Debug|Any CPU
		{580F96C6-28DC-464D-8B08-48BD802B151D}.Debug|Any CPU.ActiveCfg = Debug|Any CPU
		{580F96C6-28DC-464D-8B08-48BD802B151D}.Debug|Any CPU.Build.0 = Debug|Any CPU
		{580F96C6-28DC-464D-8B08-48BD802B151D}.Debug|ARM.ActiveCfg = Debug|Any CPU
		{580F96C6-28DC-464D-8B08-48BD802B151D}.Debug|ARM.Build.0 = Debug|Any CPU
		{580F96C6-28DC-464D-8B08-48BD802B151D}.Debug|iPhone.ActiveCfg = Debug|Any CPU
		{580F96C6-28DC-464D-8B08-48BD802B151D}.Debug|iPhone.Build.0 = Debug|Any CPU
		{580F96C6-28DC-464D-8B08-48BD802B151D}.Debug|iPhoneSimulator.ActiveCfg = Debug|Any CPU
		{580F96C6-28DC-464D-8B08-48BD802B151D}.Debug|iPhoneSimulator.Build.0 = Debug|Any CPU
		{580F96C6-28DC-464D-8B08-48BD802B151D}.Debug|x64.ActiveCfg = Debug|Any CPU
		{580F96C6-28DC-464D-8B08-48BD802B151D}.Debug|x64.Build.0 = Debug|Any CPU
		{580F96C6-28DC-464D-8B08-48BD802B151D}.Debug|x86.ActiveCfg = Debug|Any CPU
		{580F96C6-28DC-464D-8B08-48BD802B151D}.Debug|x86.Build.0 = Debug|Any CPU
		{580F96C6-28DC-464D-8B08-48BD802B151D}.RCS-PortableShop-Debug|Any CPU.ActiveCfg = Debug|Any CPU
		{580F96C6-28DC-464D-8B08-48BD802B151D}.RCS-PortableShop-Debug|Any CPU.Build.0 = Debug|Any CPU
		{580F96C6-28DC-464D-8B08-48BD802B151D}.RCS-PortableShop-Debug|ARM.ActiveCfg = Debug|Any CPU
		{580F96C6-28DC-464D-8B08-48BD802B151D}.RCS-PortableShop-Debug|ARM.Build.0 = Debug|Any CPU
		{580F96C6-28DC-464D-8B08-48BD802B151D}.RCS-PortableShop-Debug|iPhone.ActiveCfg = Debug|Any CPU
		{580F96C6-28DC-464D-8B08-48BD802B151D}.RCS-PortableShop-Debug|iPhone.Build.0 = Debug|Any CPU
		{580F96C6-28DC-464D-8B08-48BD802B151D}.RCS-PortableShop-Debug|iPhoneSimulator.ActiveCfg = Debug|Any CPU
		{580F96C6-28DC-464D-8B08-48BD802B151D}.RCS-PortableShop-Debug|iPhoneSimulator.Build.0 = Debug|Any CPU
		{580F96C6-28DC-464D-8B08-48BD802B151D}.RCS-PortableShop-Debug|x64.ActiveCfg = Debug|Any CPU
		{580F96C6-28DC-464D-8B08-48BD802B151D}.RCS-PortableShop-Debug|x64.Build.0 = Debug|Any CPU
		{580F96C6-28DC-464D-8B08-48BD802B151D}.RCS-PortableShop-Debug|x86.ActiveCfg = Debug|Any CPU
		{580F96C6-28DC-464D-8B08-48BD802B151D}.RCS-PortableShop-Debug|x86.Build.0 = Debug|Any CPU
		{580F96C6-28DC-464D-8B08-48BD802B151D}.RCS-PortableShop-Release|Any CPU.ActiveCfg = Release|Any CPU
		{580F96C6-28DC-464D-8B08-48BD802B151D}.RCS-PortableShop-Release|Any CPU.Build.0 = Release|Any CPU
		{580F96C6-28DC-464D-8B08-48BD802B151D}.RCS-PortableShop-Release|ARM.ActiveCfg = Release|Any CPU
		{580F96C6-28DC-464D-8B08-48BD802B151D}.RCS-PortableShop-Release|ARM.Build.0 = Release|Any CPU
		{580F96C6-28DC-464D-8B08-48BD802B151D}.RCS-PortableShop-Release|iPhone.ActiveCfg = Release|Any CPU
		{580F96C6-28DC-464D-8B08-48BD802B151D}.RCS-PortableShop-Release|iPhone.Build.0 = Release|Any CPU
		{580F96C6-28DC-464D-8B08-48BD802B151D}.RCS-PortableShop-Release|iPhoneSimulator.ActiveCfg = Release|Any CPU
		{580F96C6-28DC-464D-8B08-48BD802B151D}.RCS-PortableShop-Release|iPhoneSimulator.Build.0 = Release|Any CPU
		{580F96C6-28DC-464D-8B08-48BD802B151D}.RCS-PortableShop-Release|x64.ActiveCfg = Release|Any CPU
		{580F96C6-28DC-464D-8B08-48BD802B151D}.RCS-PortableShop-Release|x64.Build.0 = Release|Any CPU
		{580F96C6-28DC-464D-8B08-48BD802B151D}.RCS-PortableShop-Release|x86.ActiveCfg = Release|Any CPU
		{580F96C6-28DC-464D-8B08-48BD802B151D}.RCS-PortableShop-Release|x86.Build.0 = Release|Any CPU
		{580F96C6-28DC-464D-8B08-48BD802B151D}.Release|Any CPU.ActiveCfg = Release|Any CPU
		{580F96C6-28DC-464D-8B08-48BD802B151D}.Release|Any CPU.Build.0 = Release|Any CPU
		{580F96C6-28DC-464D-8B08-48BD802B151D}.Release|ARM.ActiveCfg = Release|Any CPU
		{580F96C6-28DC-464D-8B08-48BD802B151D}.Release|ARM.Build.0 = Release|Any CPU
		{580F96C6-28DC-464D-8B08-48BD802B151D}.Release|iPhone.ActiveCfg = Release|Any CPU
		{580F96C6-28DC-464D-8B08-48BD802B151D}.Release|iPhone.Build.0 = Release|Any CPU
		{580F96C6-28DC-464D-8B08-48BD802B151D}.Release|iPhoneSimulator.ActiveCfg = Release|Any CPU
		{580F96C6-28DC-464D-8B08-48BD802B151D}.Release|iPhoneSimulator.Build.0 = Release|Any CPU
		{580F96C6-28DC-464D-8B08-48BD802B151D}.Release|x64.ActiveCfg = Release|Any CPU
		{580F96C6-28DC-464D-8B08-48BD802B151D}.Release|x64.Build.0 = Release|Any CPU
		{580F96C6-28DC-464D-8B08-48BD802B151D}.Release|x86.ActiveCfg = Release|Any CPU
		{580F96C6-28DC-464D-8B08-48BD802B151D}.Release|x86.Build.0 = Release|Any CPU
		{2BC02605-A316-4B63-A338-34D28E0CC2BC}.Ad-Hoc|Any CPU.ActiveCfg = Debug|Any CPU
		{2BC02605-A316-4B63-A338-34D28E0CC2BC}.Ad-Hoc|Any CPU.Build.0 = Debug|Any CPU
		{2BC02605-A316-4B63-A338-34D28E0CC2BC}.Ad-Hoc|ARM.ActiveCfg = Debug|Any CPU
		{2BC02605-A316-4B63-A338-34D28E0CC2BC}.Ad-Hoc|ARM.Build.0 = Debug|Any CPU
		{2BC02605-A316-4B63-A338-34D28E0CC2BC}.Ad-Hoc|iPhone.ActiveCfg = Debug|Any CPU
		{2BC02605-A316-4B63-A338-34D28E0CC2BC}.Ad-Hoc|iPhone.Build.0 = Debug|Any CPU
		{2BC02605-A316-4B63-A338-34D28E0CC2BC}.Ad-Hoc|iPhoneSimulator.ActiveCfg = Debug|Any CPU
		{2BC02605-A316-4B63-A338-34D28E0CC2BC}.Ad-Hoc|iPhoneSimulator.Build.0 = Debug|Any CPU
		{2BC02605-A316-4B63-A338-34D28E0CC2BC}.Ad-Hoc|x64.ActiveCfg = Debug|Any CPU
		{2BC02605-A316-4B63-A338-34D28E0CC2BC}.Ad-Hoc|x64.Build.0 = Debug|Any CPU
		{2BC02605-A316-4B63-A338-34D28E0CC2BC}.Ad-Hoc|x86.ActiveCfg = Debug|Any CPU
		{2BC02605-A316-4B63-A338-34D28E0CC2BC}.Ad-Hoc|x86.Build.0 = Debug|Any CPU
		{2BC02605-A316-4B63-A338-34D28E0CC2BC}.AppStore|Any CPU.ActiveCfg = Debug|Any CPU
		{2BC02605-A316-4B63-A338-34D28E0CC2BC}.AppStore|Any CPU.Build.0 = Debug|Any CPU
		{2BC02605-A316-4B63-A338-34D28E0CC2BC}.AppStore|ARM.ActiveCfg = Debug|Any CPU
		{2BC02605-A316-4B63-A338-34D28E0CC2BC}.AppStore|ARM.Build.0 = Debug|Any CPU
		{2BC02605-A316-4B63-A338-34D28E0CC2BC}.AppStore|iPhone.ActiveCfg = Debug|Any CPU
		{2BC02605-A316-4B63-A338-34D28E0CC2BC}.AppStore|iPhone.Build.0 = Debug|Any CPU
		{2BC02605-A316-4B63-A338-34D28E0CC2BC}.AppStore|iPhoneSimulator.ActiveCfg = Debug|Any CPU
		{2BC02605-A316-4B63-A338-34D28E0CC2BC}.AppStore|iPhoneSimulator.Build.0 = Debug|Any CPU
		{2BC02605-A316-4B63-A338-34D28E0CC2BC}.AppStore|x64.ActiveCfg = Debug|Any CPU
		{2BC02605-A316-4B63-A338-34D28E0CC2BC}.AppStore|x64.Build.0 = Debug|Any CPU
		{2BC02605-A316-4B63-A338-34D28E0CC2BC}.AppStore|x86.ActiveCfg = Debug|Any CPU
		{2BC02605-A316-4B63-A338-34D28E0CC2BC}.AppStore|x86.Build.0 = Debug|Any CPU
		{2BC02605-A316-4B63-A338-34D28E0CC2BC}.Debug|Any CPU.ActiveCfg = Debug|Any CPU
		{2BC02605-A316-4B63-A338-34D28E0CC2BC}.Debug|Any CPU.Build.0 = Debug|Any CPU
		{2BC02605-A316-4B63-A338-34D28E0CC2BC}.Debug|ARM.ActiveCfg = Debug|Any CPU
		{2BC02605-A316-4B63-A338-34D28E0CC2BC}.Debug|ARM.Build.0 = Debug|Any CPU
		{2BC02605-A316-4B63-A338-34D28E0CC2BC}.Debug|iPhone.ActiveCfg = Debug|Any CPU
		{2BC02605-A316-4B63-A338-34D28E0CC2BC}.Debug|iPhone.Build.0 = Debug|Any CPU
		{2BC02605-A316-4B63-A338-34D28E0CC2BC}.Debug|iPhoneSimulator.ActiveCfg = Debug|Any CPU
		{2BC02605-A316-4B63-A338-34D28E0CC2BC}.Debug|iPhoneSimulator.Build.0 = Debug|Any CPU
		{2BC02605-A316-4B63-A338-34D28E0CC2BC}.Debug|x64.ActiveCfg = Debug|Any CPU
		{2BC02605-A316-4B63-A338-34D28E0CC2BC}.Debug|x64.Build.0 = Debug|Any CPU
		{2BC02605-A316-4B63-A338-34D28E0CC2BC}.Debug|x86.ActiveCfg = Debug|Any CPU
		{2BC02605-A316-4B63-A338-34D28E0CC2BC}.Debug|x86.Build.0 = Debug|Any CPU
		{2BC02605-A316-4B63-A338-34D28E0CC2BC}.RCS-PortableShop-Debug|Any CPU.ActiveCfg = Debug|Any CPU
		{2BC02605-A316-4B63-A338-34D28E0CC2BC}.RCS-PortableShop-Debug|Any CPU.Build.0 = Debug|Any CPU
		{2BC02605-A316-4B63-A338-34D28E0CC2BC}.RCS-PortableShop-Debug|ARM.ActiveCfg = Debug|Any CPU
		{2BC02605-A316-4B63-A338-34D28E0CC2BC}.RCS-PortableShop-Debug|ARM.Build.0 = Debug|Any CPU
		{2BC02605-A316-4B63-A338-34D28E0CC2BC}.RCS-PortableShop-Debug|iPhone.ActiveCfg = Debug|Any CPU
		{2BC02605-A316-4B63-A338-34D28E0CC2BC}.RCS-PortableShop-Debug|iPhone.Build.0 = Debug|Any CPU
		{2BC02605-A316-4B63-A338-34D28E0CC2BC}.RCS-PortableShop-Debug|iPhoneSimulator.ActiveCfg = Debug|Any CPU
		{2BC02605-A316-4B63-A338-34D28E0CC2BC}.RCS-PortableShop-Debug|iPhoneSimulator.Build.0 = Debug|Any CPU
		{2BC02605-A316-4B63-A338-34D28E0CC2BC}.RCS-PortableShop-Debug|x64.ActiveCfg = Debug|Any CPU
		{2BC02605-A316-4B63-A338-34D28E0CC2BC}.RCS-PortableShop-Debug|x64.Build.0 = Debug|Any CPU
		{2BC02605-A316-4B63-A338-34D28E0CC2BC}.RCS-PortableShop-Debug|x86.ActiveCfg = Debug|Any CPU
		{2BC02605-A316-4B63-A338-34D28E0CC2BC}.RCS-PortableShop-Debug|x86.Build.0 = Debug|Any CPU
		{2BC02605-A316-4B63-A338-34D28E0CC2BC}.RCS-PortableShop-Release|Any CPU.ActiveCfg = Release|Any CPU
		{2BC02605-A316-4B63-A338-34D28E0CC2BC}.RCS-PortableShop-Release|Any CPU.Build.0 = Release|Any CPU
		{2BC02605-A316-4B63-A338-34D28E0CC2BC}.RCS-PortableShop-Release|ARM.ActiveCfg = Release|Any CPU
		{2BC02605-A316-4B63-A338-34D28E0CC2BC}.RCS-PortableShop-Release|ARM.Build.0 = Release|Any CPU
		{2BC02605-A316-4B63-A338-34D28E0CC2BC}.RCS-PortableShop-Release|iPhone.ActiveCfg = Release|Any CPU
		{2BC02605-A316-4B63-A338-34D28E0CC2BC}.RCS-PortableShop-Release|iPhone.Build.0 = Release|Any CPU
		{2BC02605-A316-4B63-A338-34D28E0CC2BC}.RCS-PortableShop-Release|iPhoneSimulator.ActiveCfg = Release|Any CPU
		{2BC02605-A316-4B63-A338-34D28E0CC2BC}.RCS-PortableShop-Release|iPhoneSimulator.Build.0 = Release|Any CPU
		{2BC02605-A316-4B63-A338-34D28E0CC2BC}.RCS-PortableShop-Release|x64.ActiveCfg = Release|Any CPU
		{2BC02605-A316-4B63-A338-34D28E0CC2BC}.RCS-PortableShop-Release|x64.Build.0 = Release|Any CPU
		{2BC02605-A316-4B63-A338-34D28E0CC2BC}.RCS-PortableShop-Release|x86.ActiveCfg = Release|Any CPU
		{2BC02605-A316-4B63-A338-34D28E0CC2BC}.RCS-PortableShop-Release|x86.Build.0 = Release|Any CPU
		{2BC02605-A316-4B63-A338-34D28E0CC2BC}.Release|Any CPU.ActiveCfg = Release|Any CPU
		{2BC02605-A316-4B63-A338-34D28E0CC2BC}.Release|Any CPU.Build.0 = Release|Any CPU
		{2BC02605-A316-4B63-A338-34D28E0CC2BC}.Release|ARM.ActiveCfg = Release|Any CPU
		{2BC02605-A316-4B63-A338-34D28E0CC2BC}.Release|ARM.Build.0 = Release|Any CPU
		{2BC02605-A316-4B63-A338-34D28E0CC2BC}.Release|iPhone.ActiveCfg = Release|Any CPU
		{2BC02605-A316-4B63-A338-34D28E0CC2BC}.Release|iPhone.Build.0 = Release|Any CPU
		{2BC02605-A316-4B63-A338-34D28E0CC2BC}.Release|iPhoneSimulator.ActiveCfg = Release|Any CPU
		{2BC02605-A316-4B63-A338-34D28E0CC2BC}.Release|iPhoneSimulator.Build.0 = Release|Any CPU
		{2BC02605-A316-4B63-A338-34D28E0CC2BC}.Release|x64.ActiveCfg = Release|Any CPU
		{2BC02605-A316-4B63-A338-34D28E0CC2BC}.Release|x64.Build.0 = Release|Any CPU
		{2BC02605-A316-4B63-A338-34D28E0CC2BC}.Release|x86.ActiveCfg = Release|Any CPU
		{2BC02605-A316-4B63-A338-34D28E0CC2BC}.Release|x86.Build.0 = Release|Any CPU
		{493D8ED2-1BA9-436C-981F-3A84523FA8A0}.Ad-Hoc|Any CPU.ActiveCfg = Release|Any CPU
		{493D8ED2-1BA9-436C-981F-3A84523FA8A0}.Ad-Hoc|Any CPU.Build.0 = Release|Any CPU
		{493D8ED2-1BA9-436C-981F-3A84523FA8A0}.Ad-Hoc|ARM.ActiveCfg = Release|Any CPU
		{493D8ED2-1BA9-436C-981F-3A84523FA8A0}.Ad-Hoc|ARM.Build.0 = Release|Any CPU
		{493D8ED2-1BA9-436C-981F-3A84523FA8A0}.Ad-Hoc|iPhone.ActiveCfg = Release|Any CPU
		{493D8ED2-1BA9-436C-981F-3A84523FA8A0}.Ad-Hoc|iPhone.Build.0 = Release|Any CPU
		{493D8ED2-1BA9-436C-981F-3A84523FA8A0}.Ad-Hoc|iPhoneSimulator.ActiveCfg = Release|Any CPU
		{493D8ED2-1BA9-436C-981F-3A84523FA8A0}.Ad-Hoc|iPhoneSimulator.Build.0 = Release|Any CPU
		{493D8ED2-1BA9-436C-981F-3A84523FA8A0}.Ad-Hoc|x64.ActiveCfg = Release|Any CPU
		{493D8ED2-1BA9-436C-981F-3A84523FA8A0}.Ad-Hoc|x64.Build.0 = Release|Any CPU
		{493D8ED2-1BA9-436C-981F-3A84523FA8A0}.Ad-Hoc|x86.ActiveCfg = Release|Any CPU
		{493D8ED2-1BA9-436C-981F-3A84523FA8A0}.Ad-Hoc|x86.Build.0 = Release|Any CPU
		{493D8ED2-1BA9-436C-981F-3A84523FA8A0}.AppStore|Any CPU.ActiveCfg = Release|Any CPU
		{493D8ED2-1BA9-436C-981F-3A84523FA8A0}.AppStore|Any CPU.Build.0 = Release|Any CPU
		{493D8ED2-1BA9-436C-981F-3A84523FA8A0}.AppStore|ARM.ActiveCfg = Release|Any CPU
		{493D8ED2-1BA9-436C-981F-3A84523FA8A0}.AppStore|ARM.Build.0 = Release|Any CPU
		{493D8ED2-1BA9-436C-981F-3A84523FA8A0}.AppStore|iPhone.ActiveCfg = Release|Any CPU
		{493D8ED2-1BA9-436C-981F-3A84523FA8A0}.AppStore|iPhone.Build.0 = Release|Any CPU
		{493D8ED2-1BA9-436C-981F-3A84523FA8A0}.AppStore|iPhoneSimulator.ActiveCfg = Release|Any CPU
		{493D8ED2-1BA9-436C-981F-3A84523FA8A0}.AppStore|iPhoneSimulator.Build.0 = Release|Any CPU
		{493D8ED2-1BA9-436C-981F-3A84523FA8A0}.AppStore|x64.ActiveCfg = Release|Any CPU
		{493D8ED2-1BA9-436C-981F-3A84523FA8A0}.AppStore|x64.Build.0 = Release|Any CPU
		{493D8ED2-1BA9-436C-981F-3A84523FA8A0}.AppStore|x86.ActiveCfg = Release|Any CPU
		{493D8ED2-1BA9-436C-981F-3A84523FA8A0}.AppStore|x86.Build.0 = Release|Any CPU
		{493D8ED2-1BA9-436C-981F-3A84523FA8A0}.Debug|Any CPU.ActiveCfg = Debug|Any CPU
		{493D8ED2-1BA9-436C-981F-3A84523FA8A0}.Debug|Any CPU.Build.0 = Debug|Any CPU
		{493D8ED2-1BA9-436C-981F-3A84523FA8A0}.Debug|ARM.ActiveCfg = Debug|Any CPU
		{493D8ED2-1BA9-436C-981F-3A84523FA8A0}.Debug|ARM.Build.0 = Debug|Any CPU
		{493D8ED2-1BA9-436C-981F-3A84523FA8A0}.Debug|iPhone.ActiveCfg = Debug|Any CPU
		{493D8ED2-1BA9-436C-981F-3A84523FA8A0}.Debug|iPhone.Build.0 = Debug|Any CPU
		{493D8ED2-1BA9-436C-981F-3A84523FA8A0}.Debug|iPhoneSimulator.ActiveCfg = Debug|Any CPU
		{493D8ED2-1BA9-436C-981F-3A84523FA8A0}.Debug|iPhoneSimulator.Build.0 = Debug|Any CPU
		{493D8ED2-1BA9-436C-981F-3A84523FA8A0}.Debug|x64.ActiveCfg = Debug|Any CPU
		{493D8ED2-1BA9-436C-981F-3A84523FA8A0}.Debug|x64.Build.0 = Debug|Any CPU
		{493D8ED2-1BA9-436C-981F-3A84523FA8A0}.Debug|x86.ActiveCfg = Debug|Any CPU
		{493D8ED2-1BA9-436C-981F-3A84523FA8A0}.Debug|x86.Build.0 = Debug|Any CPU
		{493D8ED2-1BA9-436C-981F-3A84523FA8A0}.RCS-PortableShop-Debug|Any CPU.ActiveCfg = Debug|Any CPU
		{493D8ED2-1BA9-436C-981F-3A84523FA8A0}.RCS-PortableShop-Debug|Any CPU.Build.0 = Debug|Any CPU
		{493D8ED2-1BA9-436C-981F-3A84523FA8A0}.RCS-PortableShop-Debug|ARM.ActiveCfg = Debug|Any CPU
		{493D8ED2-1BA9-436C-981F-3A84523FA8A0}.RCS-PortableShop-Debug|ARM.Build.0 = Debug|Any CPU
		{493D8ED2-1BA9-436C-981F-3A84523FA8A0}.RCS-PortableShop-Debug|iPhone.ActiveCfg = Debug|Any CPU
		{493D8ED2-1BA9-436C-981F-3A84523FA8A0}.RCS-PortableShop-Debug|iPhone.Build.0 = Debug|Any CPU
		{493D8ED2-1BA9-436C-981F-3A84523FA8A0}.RCS-PortableShop-Debug|iPhoneSimulator.ActiveCfg = Debug|Any CPU
		{493D8ED2-1BA9-436C-981F-3A84523FA8A0}.RCS-PortableShop-Debug|iPhoneSimulator.Build.0 = Debug|Any CPU
		{493D8ED2-1BA9-436C-981F-3A84523FA8A0}.RCS-PortableShop-Debug|x64.ActiveCfg = Debug|Any CPU
		{493D8ED2-1BA9-436C-981F-3A84523FA8A0}.RCS-PortableShop-Debug|x64.Build.0 = Debug|Any CPU
		{493D8ED2-1BA9-436C-981F-3A84523FA8A0}.RCS-PortableShop-Debug|x86.ActiveCfg = Debug|Any CPU
		{493D8ED2-1BA9-436C-981F-3A84523FA8A0}.RCS-PortableShop-Debug|x86.Build.0 = Debug|Any CPU
		{493D8ED2-1BA9-436C-981F-3A84523FA8A0}.RCS-PortableShop-Release|Any CPU.ActiveCfg = Release|Any CPU
		{493D8ED2-1BA9-436C-981F-3A84523FA8A0}.RCS-PortableShop-Release|Any CPU.Build.0 = Release|Any CPU
		{493D8ED2-1BA9-436C-981F-3A84523FA8A0}.RCS-PortableShop-Release|ARM.ActiveCfg = Release|Any CPU
		{493D8ED2-1BA9-436C-981F-3A84523FA8A0}.RCS-PortableShop-Release|ARM.Build.0 = Release|Any CPU
		{493D8ED2-1BA9-436C-981F-3A84523FA8A0}.RCS-PortableShop-Release|iPhone.ActiveCfg = Release|Any CPU
		{493D8ED2-1BA9-436C-981F-3A84523FA8A0}.RCS-PortableShop-Release|iPhone.Build.0 = Release|Any CPU
		{493D8ED2-1BA9-436C-981F-3A84523FA8A0}.RCS-PortableShop-Release|iPhoneSimulator.ActiveCfg = Release|Any CPU
		{493D8ED2-1BA9-436C-981F-3A84523FA8A0}.RCS-PortableShop-Release|iPhoneSimulator.Build.0 = Release|Any CPU
		{493D8ED2-1BA9-436C-981F-3A84523FA8A0}.RCS-PortableShop-Release|x64.ActiveCfg = Release|Any CPU
		{493D8ED2-1BA9-436C-981F-3A84523FA8A0}.RCS-PortableShop-Release|x64.Build.0 = Release|Any CPU
		{493D8ED2-1BA9-436C-981F-3A84523FA8A0}.RCS-PortableShop-Release|x86.ActiveCfg = Release|Any CPU
		{493D8ED2-1BA9-436C-981F-3A84523FA8A0}.RCS-PortableShop-Release|x86.Build.0 = Release|Any CPU
		{493D8ED2-1BA9-436C-981F-3A84523FA8A0}.Release|Any CPU.ActiveCfg = Release|Any CPU
		{493D8ED2-1BA9-436C-981F-3A84523FA8A0}.Release|Any CPU.Build.0 = Release|Any CPU
		{493D8ED2-1BA9-436C-981F-3A84523FA8A0}.Release|ARM.ActiveCfg = Release|Any CPU
		{493D8ED2-1BA9-436C-981F-3A84523FA8A0}.Release|ARM.Build.0 = Release|Any CPU
		{493D8ED2-1BA9-436C-981F-3A84523FA8A0}.Release|iPhone.ActiveCfg = Release|Any CPU
		{493D8ED2-1BA9-436C-981F-3A84523FA8A0}.Release|iPhone.Build.0 = Release|Any CPU
		{493D8ED2-1BA9-436C-981F-3A84523FA8A0}.Release|iPhoneSimulator.ActiveCfg = Release|Any CPU
		{493D8ED2-1BA9-436C-981F-3A84523FA8A0}.Release|iPhoneSimulator.Build.0 = Release|Any CPU
		{493D8ED2-1BA9-436C-981F-3A84523FA8A0}.Release|x64.ActiveCfg = Release|Any CPU
		{493D8ED2-1BA9-436C-981F-3A84523FA8A0}.Release|x64.Build.0 = Release|Any CPU
		{493D8ED2-1BA9-436C-981F-3A84523FA8A0}.Release|x86.ActiveCfg = Release|Any CPU
		{493D8ED2-1BA9-436C-981F-3A84523FA8A0}.Release|x86.Build.0 = Release|Any CPU
		{BB290803-68D3-459C-8D93-5D8DC9EA29B4}.Ad-Hoc|Any CPU.ActiveCfg = Debug|Any CPU
		{BB290803-68D3-459C-8D93-5D8DC9EA29B4}.Ad-Hoc|Any CPU.Build.0 = Debug|Any CPU
		{BB290803-68D3-459C-8D93-5D8DC9EA29B4}.Ad-Hoc|Any CPU.Deploy.0 = Debug|Any CPU
		{BB290803-68D3-459C-8D93-5D8DC9EA29B4}.Ad-Hoc|ARM.ActiveCfg = Debug|Any CPU
		{BB290803-68D3-459C-8D93-5D8DC9EA29B4}.Ad-Hoc|ARM.Build.0 = Debug|Any CPU
		{BB290803-68D3-459C-8D93-5D8DC9EA29B4}.Ad-Hoc|ARM.Deploy.0 = Debug|Any CPU
		{BB290803-68D3-459C-8D93-5D8DC9EA29B4}.Ad-Hoc|iPhone.ActiveCfg = Debug|Any CPU
		{BB290803-68D3-459C-8D93-5D8DC9EA29B4}.Ad-Hoc|iPhone.Build.0 = Debug|Any CPU
		{BB290803-68D3-459C-8D93-5D8DC9EA29B4}.Ad-Hoc|iPhone.Deploy.0 = Debug|Any CPU
		{BB290803-68D3-459C-8D93-5D8DC9EA29B4}.Ad-Hoc|iPhoneSimulator.ActiveCfg = Debug|Any CPU
		{BB290803-68D3-459C-8D93-5D8DC9EA29B4}.Ad-Hoc|iPhoneSimulator.Build.0 = Debug|Any CPU
		{BB290803-68D3-459C-8D93-5D8DC9EA29B4}.Ad-Hoc|iPhoneSimulator.Deploy.0 = Debug|Any CPU
		{BB290803-68D3-459C-8D93-5D8DC9EA29B4}.Ad-Hoc|x64.ActiveCfg = Debug|Any CPU
		{BB290803-68D3-459C-8D93-5D8DC9EA29B4}.Ad-Hoc|x64.Build.0 = Debug|Any CPU
		{BB290803-68D3-459C-8D93-5D8DC9EA29B4}.Ad-Hoc|x64.Deploy.0 = Debug|Any CPU
		{BB290803-68D3-459C-8D93-5D8DC9EA29B4}.Ad-Hoc|x86.ActiveCfg = Debug|Any CPU
		{BB290803-68D3-459C-8D93-5D8DC9EA29B4}.Ad-Hoc|x86.Build.0 = Debug|Any CPU
		{BB290803-68D3-459C-8D93-5D8DC9EA29B4}.Ad-Hoc|x86.Deploy.0 = Debug|Any CPU
		{BB290803-68D3-459C-8D93-5D8DC9EA29B4}.AppStore|Any CPU.ActiveCfg = Debug|Any CPU
		{BB290803-68D3-459C-8D93-5D8DC9EA29B4}.AppStore|Any CPU.Build.0 = Debug|Any CPU
		{BB290803-68D3-459C-8D93-5D8DC9EA29B4}.AppStore|Any CPU.Deploy.0 = Debug|Any CPU
		{BB290803-68D3-459C-8D93-5D8DC9EA29B4}.AppStore|ARM.ActiveCfg = Debug|Any CPU
		{BB290803-68D3-459C-8D93-5D8DC9EA29B4}.AppStore|ARM.Build.0 = Debug|Any CPU
		{BB290803-68D3-459C-8D93-5D8DC9EA29B4}.AppStore|ARM.Deploy.0 = Debug|Any CPU
		{BB290803-68D3-459C-8D93-5D8DC9EA29B4}.AppStore|iPhone.ActiveCfg = Debug|Any CPU
		{BB290803-68D3-459C-8D93-5D8DC9EA29B4}.AppStore|iPhone.Build.0 = Debug|Any CPU
		{BB290803-68D3-459C-8D93-5D8DC9EA29B4}.AppStore|iPhone.Deploy.0 = Debug|Any CPU
		{BB290803-68D3-459C-8D93-5D8DC9EA29B4}.AppStore|iPhoneSimulator.ActiveCfg = Debug|Any CPU
		{BB290803-68D3-459C-8D93-5D8DC9EA29B4}.AppStore|iPhoneSimulator.Build.0 = Debug|Any CPU
		{BB290803-68D3-459C-8D93-5D8DC9EA29B4}.AppStore|iPhoneSimulator.Deploy.0 = Debug|Any CPU
		{BB290803-68D3-459C-8D93-5D8DC9EA29B4}.AppStore|x64.ActiveCfg = Debug|Any CPU
		{BB290803-68D3-459C-8D93-5D8DC9EA29B4}.AppStore|x64.Build.0 = Debug|Any CPU
		{BB290803-68D3-459C-8D93-5D8DC9EA29B4}.AppStore|x64.Deploy.0 = Debug|Any CPU
		{BB290803-68D3-459C-8D93-5D8DC9EA29B4}.AppStore|x86.ActiveCfg = Debug|Any CPU
		{BB290803-68D3-459C-8D93-5D8DC9EA29B4}.AppStore|x86.Build.0 = Debug|Any CPU
		{BB290803-68D3-459C-8D93-5D8DC9EA29B4}.AppStore|x86.Deploy.0 = Debug|Any CPU
		{BB290803-68D3-459C-8D93-5D8DC9EA29B4}.Debug|Any CPU.ActiveCfg = Debug|Any CPU
		{BB290803-68D3-459C-8D93-5D8DC9EA29B4}.Debug|Any CPU.Build.0 = Debug|Any CPU
		{BB290803-68D3-459C-8D93-5D8DC9EA29B4}.Debug|Any CPU.Deploy.0 = Debug|Any CPU
		{BB290803-68D3-459C-8D93-5D8DC9EA29B4}.Debug|ARM.ActiveCfg = Debug|Any CPU
		{BB290803-68D3-459C-8D93-5D8DC9EA29B4}.Debug|ARM.Build.0 = Debug|Any CPU
		{BB290803-68D3-459C-8D93-5D8DC9EA29B4}.Debug|ARM.Deploy.0 = Debug|Any CPU
		{BB290803-68D3-459C-8D93-5D8DC9EA29B4}.Debug|iPhone.ActiveCfg = Debug|Any CPU
		{BB290803-68D3-459C-8D93-5D8DC9EA29B4}.Debug|iPhone.Build.0 = Debug|Any CPU
		{BB290803-68D3-459C-8D93-5D8DC9EA29B4}.Debug|iPhone.Deploy.0 = Debug|Any CPU
		{BB290803-68D3-459C-8D93-5D8DC9EA29B4}.Debug|iPhoneSimulator.ActiveCfg = Debug|Any CPU
		{BB290803-68D3-459C-8D93-5D8DC9EA29B4}.Debug|iPhoneSimulator.Build.0 = Debug|Any CPU
		{BB290803-68D3-459C-8D93-5D8DC9EA29B4}.Debug|iPhoneSimulator.Deploy.0 = Debug|Any CPU
		{BB290803-68D3-459C-8D93-5D8DC9EA29B4}.Debug|x64.ActiveCfg = Debug|Any CPU
		{BB290803-68D3-459C-8D93-5D8DC9EA29B4}.Debug|x64.Build.0 = Debug|Any CPU
		{BB290803-68D3-459C-8D93-5D8DC9EA29B4}.Debug|x64.Deploy.0 = Debug|Any CPU
		{BB290803-68D3-459C-8D93-5D8DC9EA29B4}.Debug|x86.ActiveCfg = Debug|Any CPU
		{BB290803-68D3-459C-8D93-5D8DC9EA29B4}.Debug|x86.Build.0 = Debug|Any CPU
		{BB290803-68D3-459C-8D93-5D8DC9EA29B4}.Debug|x86.Deploy.0 = Debug|Any CPU
		{BB290803-68D3-459C-8D93-5D8DC9EA29B4}.RCS-PortableShop-Debug|Any CPU.ActiveCfg = Release|Any CPU
		{BB290803-68D3-459C-8D93-5D8DC9EA29B4}.RCS-PortableShop-Debug|Any CPU.Build.0 = Release|Any CPU
		{BB290803-68D3-459C-8D93-5D8DC9EA29B4}.RCS-PortableShop-Debug|Any CPU.Deploy.0 = Release|Any CPU
		{BB290803-68D3-459C-8D93-5D8DC9EA29B4}.RCS-PortableShop-Debug|ARM.ActiveCfg = Release|Any CPU
		{BB290803-68D3-459C-8D93-5D8DC9EA29B4}.RCS-PortableShop-Debug|ARM.Build.0 = Release|Any CPU
		{BB290803-68D3-459C-8D93-5D8DC9EA29B4}.RCS-PortableShop-Debug|ARM.Deploy.0 = Release|Any CPU
		{BB290803-68D3-459C-8D93-5D8DC9EA29B4}.RCS-PortableShop-Debug|iPhone.ActiveCfg = Release|Any CPU
		{BB290803-68D3-459C-8D93-5D8DC9EA29B4}.RCS-PortableShop-Debug|iPhone.Build.0 = Release|Any CPU
		{BB290803-68D3-459C-8D93-5D8DC9EA29B4}.RCS-PortableShop-Debug|iPhone.Deploy.0 = Release|Any CPU
		{BB290803-68D3-459C-8D93-5D8DC9EA29B4}.RCS-PortableShop-Debug|iPhoneSimulator.ActiveCfg = Release|Any CPU
		{BB290803-68D3-459C-8D93-5D8DC9EA29B4}.RCS-PortableShop-Debug|iPhoneSimulator.Build.0 = Release|Any CPU
		{BB290803-68D3-459C-8D93-5D8DC9EA29B4}.RCS-PortableShop-Debug|iPhoneSimulator.Deploy.0 = Release|Any CPU
		{BB290803-68D3-459C-8D93-5D8DC9EA29B4}.RCS-PortableShop-Debug|x64.ActiveCfg = Release|Any CPU
		{BB290803-68D3-459C-8D93-5D8DC9EA29B4}.RCS-PortableShop-Debug|x64.Build.0 = Release|Any CPU
		{BB290803-68D3-459C-8D93-5D8DC9EA29B4}.RCS-PortableShop-Debug|x64.Deploy.0 = Release|Any CPU
		{BB290803-68D3-459C-8D93-5D8DC9EA29B4}.RCS-PortableShop-Debug|x86.ActiveCfg = Release|Any CPU
		{BB290803-68D3-459C-8D93-5D8DC9EA29B4}.RCS-PortableShop-Debug|x86.Build.0 = Release|Any CPU
		{BB290803-68D3-459C-8D93-5D8DC9EA29B4}.RCS-PortableShop-Debug|x86.Deploy.0 = Release|Any CPU
		{BB290803-68D3-459C-8D93-5D8DC9EA29B4}.RCS-PortableShop-Release|Any CPU.ActiveCfg = Release|Any CPU
		{BB290803-68D3-459C-8D93-5D8DC9EA29B4}.RCS-PortableShop-Release|Any CPU.Build.0 = Release|Any CPU
		{BB290803-68D3-459C-8D93-5D8DC9EA29B4}.RCS-PortableShop-Release|Any CPU.Deploy.0 = Release|Any CPU
		{BB290803-68D3-459C-8D93-5D8DC9EA29B4}.RCS-PortableShop-Release|ARM.ActiveCfg = Release|Any CPU
		{BB290803-68D3-459C-8D93-5D8DC9EA29B4}.RCS-PortableShop-Release|ARM.Build.0 = Release|Any CPU
		{BB290803-68D3-459C-8D93-5D8DC9EA29B4}.RCS-PortableShop-Release|ARM.Deploy.0 = Release|Any CPU
		{BB290803-68D3-459C-8D93-5D8DC9EA29B4}.RCS-PortableShop-Release|iPhone.ActiveCfg = Release|Any CPU
		{BB290803-68D3-459C-8D93-5D8DC9EA29B4}.RCS-PortableShop-Release|iPhone.Build.0 = Release|Any CPU
		{BB290803-68D3-459C-8D93-5D8DC9EA29B4}.RCS-PortableShop-Release|iPhone.Deploy.0 = Release|Any CPU
		{BB290803-68D3-459C-8D93-5D8DC9EA29B4}.RCS-PortableShop-Release|iPhoneSimulator.ActiveCfg = Release|Any CPU
		{BB290803-68D3-459C-8D93-5D8DC9EA29B4}.RCS-PortableShop-Release|iPhoneSimulator.Build.0 = Release|Any CPU
		{BB290803-68D3-459C-8D93-5D8DC9EA29B4}.RCS-PortableShop-Release|iPhoneSimulator.Deploy.0 = Release|Any CPU
		{BB290803-68D3-459C-8D93-5D8DC9EA29B4}.RCS-PortableShop-Release|x64.ActiveCfg = Release|Any CPU
		{BB290803-68D3-459C-8D93-5D8DC9EA29B4}.RCS-PortableShop-Release|x64.Build.0 = Release|Any CPU
		{BB290803-68D3-459C-8D93-5D8DC9EA29B4}.RCS-PortableShop-Release|x64.Deploy.0 = Release|Any CPU
		{BB290803-68D3-459C-8D93-5D8DC9EA29B4}.RCS-PortableShop-Release|x86.ActiveCfg = Release|Any CPU
		{BB290803-68D3-459C-8D93-5D8DC9EA29B4}.RCS-PortableShop-Release|x86.Build.0 = Release|Any CPU
		{BB290803-68D3-459C-8D93-5D8DC9EA29B4}.RCS-PortableShop-Release|x86.Deploy.0 = Release|Any CPU
		{BB290803-68D3-459C-8D93-5D8DC9EA29B4}.Release|Any CPU.ActiveCfg = Release|Any CPU
		{BB290803-68D3-459C-8D93-5D8DC9EA29B4}.Release|Any CPU.Build.0 = Release|Any CPU
		{BB290803-68D3-459C-8D93-5D8DC9EA29B4}.Release|Any CPU.Deploy.0 = Release|Any CPU
		{BB290803-68D3-459C-8D93-5D8DC9EA29B4}.Release|ARM.ActiveCfg = Release|Any CPU
		{BB290803-68D3-459C-8D93-5D8DC9EA29B4}.Release|ARM.Build.0 = Release|Any CPU
		{BB290803-68D3-459C-8D93-5D8DC9EA29B4}.Release|ARM.Deploy.0 = Release|Any CPU
		{BB290803-68D3-459C-8D93-5D8DC9EA29B4}.Release|iPhone.ActiveCfg = Release|Any CPU
		{BB290803-68D3-459C-8D93-5D8DC9EA29B4}.Release|iPhone.Build.0 = Release|Any CPU
		{BB290803-68D3-459C-8D93-5D8DC9EA29B4}.Release|iPhone.Deploy.0 = Release|Any CPU
		{BB290803-68D3-459C-8D93-5D8DC9EA29B4}.Release|iPhoneSimulator.ActiveCfg = Release|Any CPU
		{BB290803-68D3-459C-8D93-5D8DC9EA29B4}.Release|iPhoneSimulator.Build.0 = Release|Any CPU
		{BB290803-68D3-459C-8D93-5D8DC9EA29B4}.Release|iPhoneSimulator.Deploy.0 = Release|Any CPU
		{BB290803-68D3-459C-8D93-5D8DC9EA29B4}.Release|x64.ActiveCfg = Release|Any CPU
		{BB290803-68D3-459C-8D93-5D8DC9EA29B4}.Release|x64.Build.0 = Release|Any CPU
		{BB290803-68D3-459C-8D93-5D8DC9EA29B4}.Release|x64.Deploy.0 = Release|Any CPU
		{BB290803-68D3-459C-8D93-5D8DC9EA29B4}.Release|x86.ActiveCfg = Release|Any CPU
		{BB290803-68D3-459C-8D93-5D8DC9EA29B4}.Release|x86.Build.0 = Release|Any CPU
		{BB290803-68D3-459C-8D93-5D8DC9EA29B4}.Release|x86.Deploy.0 = Release|Any CPU
		{D38BFDFC-AFDC-4688-B09B-821593E26AB6}.Ad-Hoc|Any CPU.ActiveCfg = Debug|Any CPU
		{D38BFDFC-AFDC-4688-B09B-821593E26AB6}.Ad-Hoc|Any CPU.Build.0 = Debug|Any CPU
		{D38BFDFC-AFDC-4688-B09B-821593E26AB6}.Ad-Hoc|ARM.ActiveCfg = Debug|Any CPU
		{D38BFDFC-AFDC-4688-B09B-821593E26AB6}.Ad-Hoc|ARM.Build.0 = Debug|Any CPU
		{D38BFDFC-AFDC-4688-B09B-821593E26AB6}.Ad-Hoc|iPhone.ActiveCfg = Debug|Any CPU
		{D38BFDFC-AFDC-4688-B09B-821593E26AB6}.Ad-Hoc|iPhone.Build.0 = Debug|Any CPU
		{D38BFDFC-AFDC-4688-B09B-821593E26AB6}.Ad-Hoc|iPhoneSimulator.ActiveCfg = Debug|Any CPU
		{D38BFDFC-AFDC-4688-B09B-821593E26AB6}.Ad-Hoc|iPhoneSimulator.Build.0 = Debug|Any CPU
		{D38BFDFC-AFDC-4688-B09B-821593E26AB6}.Ad-Hoc|x64.ActiveCfg = Debug|Any CPU
		{D38BFDFC-AFDC-4688-B09B-821593E26AB6}.Ad-Hoc|x64.Build.0 = Debug|Any CPU
		{D38BFDFC-AFDC-4688-B09B-821593E26AB6}.Ad-Hoc|x86.ActiveCfg = Debug|Any CPU
		{D38BFDFC-AFDC-4688-B09B-821593E26AB6}.Ad-Hoc|x86.Build.0 = Debug|Any CPU
		{D38BFDFC-AFDC-4688-B09B-821593E26AB6}.AppStore|Any CPU.ActiveCfg = Debug|Any CPU
		{D38BFDFC-AFDC-4688-B09B-821593E26AB6}.AppStore|Any CPU.Build.0 = Debug|Any CPU
		{D38BFDFC-AFDC-4688-B09B-821593E26AB6}.AppStore|ARM.ActiveCfg = Debug|Any CPU
		{D38BFDFC-AFDC-4688-B09B-821593E26AB6}.AppStore|ARM.Build.0 = Debug|Any CPU
		{D38BFDFC-AFDC-4688-B09B-821593E26AB6}.AppStore|iPhone.ActiveCfg = Debug|Any CPU
		{D38BFDFC-AFDC-4688-B09B-821593E26AB6}.AppStore|iPhone.Build.0 = Debug|Any CPU
		{D38BFDFC-AFDC-4688-B09B-821593E26AB6}.AppStore|iPhoneSimulator.ActiveCfg = Debug|Any CPU
		{D38BFDFC-AFDC-4688-B09B-821593E26AB6}.AppStore|iPhoneSimulator.Build.0 = Debug|Any CPU
		{D38BFDFC-AFDC-4688-B09B-821593E26AB6}.AppStore|x64.ActiveCfg = Debug|Any CPU
		{D38BFDFC-AFDC-4688-B09B-821593E26AB6}.AppStore|x64.Build.0 = Debug|Any CPU
		{D38BFDFC-AFDC-4688-B09B-821593E26AB6}.AppStore|x86.ActiveCfg = Debug|Any CPU
		{D38BFDFC-AFDC-4688-B09B-821593E26AB6}.AppStore|x86.Build.0 = Debug|Any CPU
		{D38BFDFC-AFDC-4688-B09B-821593E26AB6}.Debug|Any CPU.ActiveCfg = Debug|Any CPU
		{D38BFDFC-AFDC-4688-B09B-821593E26AB6}.Debug|Any CPU.Build.0 = Debug|Any CPU
		{D38BFDFC-AFDC-4688-B09B-821593E26AB6}.Debug|ARM.ActiveCfg = Debug|Any CPU
		{D38BFDFC-AFDC-4688-B09B-821593E26AB6}.Debug|ARM.Build.0 = Debug|Any CPU
		{D38BFDFC-AFDC-4688-B09B-821593E26AB6}.Debug|iPhone.ActiveCfg = Debug|Any CPU
		{D38BFDFC-AFDC-4688-B09B-821593E26AB6}.Debug|iPhone.Build.0 = Debug|Any CPU
		{D38BFDFC-AFDC-4688-B09B-821593E26AB6}.Debug|iPhoneSimulator.ActiveCfg = Debug|Any CPU
		{D38BFDFC-AFDC-4688-B09B-821593E26AB6}.Debug|iPhoneSimulator.Build.0 = Debug|Any CPU
		{D38BFDFC-AFDC-4688-B09B-821593E26AB6}.Debug|x64.ActiveCfg = Debug|Any CPU
		{D38BFDFC-AFDC-4688-B09B-821593E26AB6}.Debug|x64.Build.0 = Debug|Any CPU
		{D38BFDFC-AFDC-4688-B09B-821593E26AB6}.Debug|x86.ActiveCfg = Debug|Any CPU
		{D38BFDFC-AFDC-4688-B09B-821593E26AB6}.Debug|x86.Build.0 = Debug|Any CPU
		{D38BFDFC-AFDC-4688-B09B-821593E26AB6}.RCS-PortableShop-Debug|Any CPU.ActiveCfg = Release|Any CPU
		{D38BFDFC-AFDC-4688-B09B-821593E26AB6}.RCS-PortableShop-Debug|Any CPU.Build.0 = Release|Any CPU
		{D38BFDFC-AFDC-4688-B09B-821593E26AB6}.RCS-PortableShop-Debug|ARM.ActiveCfg = Release|Any CPU
		{D38BFDFC-AFDC-4688-B09B-821593E26AB6}.RCS-PortableShop-Debug|ARM.Build.0 = Release|Any CPU
		{D38BFDFC-AFDC-4688-B09B-821593E26AB6}.RCS-PortableShop-Debug|iPhone.ActiveCfg = Release|Any CPU
		{D38BFDFC-AFDC-4688-B09B-821593E26AB6}.RCS-PortableShop-Debug|iPhone.Build.0 = Release|Any CPU
		{D38BFDFC-AFDC-4688-B09B-821593E26AB6}.RCS-PortableShop-Debug|iPhoneSimulator.ActiveCfg = Release|Any CPU
		{D38BFDFC-AFDC-4688-B09B-821593E26AB6}.RCS-PortableShop-Debug|iPhoneSimulator.Build.0 = Release|Any CPU
		{D38BFDFC-AFDC-4688-B09B-821593E26AB6}.RCS-PortableShop-Debug|x64.ActiveCfg = Release|Any CPU
		{D38BFDFC-AFDC-4688-B09B-821593E26AB6}.RCS-PortableShop-Debug|x64.Build.0 = Release|Any CPU
		{D38BFDFC-AFDC-4688-B09B-821593E26AB6}.RCS-PortableShop-Debug|x86.ActiveCfg = Release|Any CPU
		{D38BFDFC-AFDC-4688-B09B-821593E26AB6}.RCS-PortableShop-Debug|x86.Build.0 = Release|Any CPU
		{D38BFDFC-AFDC-4688-B09B-821593E26AB6}.RCS-PortableShop-Release|Any CPU.ActiveCfg = Release|Any CPU
		{D38BFDFC-AFDC-4688-B09B-821593E26AB6}.RCS-PortableShop-Release|Any CPU.Build.0 = Release|Any CPU
		{D38BFDFC-AFDC-4688-B09B-821593E26AB6}.RCS-PortableShop-Release|ARM.ActiveCfg = Release|Any CPU
		{D38BFDFC-AFDC-4688-B09B-821593E26AB6}.RCS-PortableShop-Release|ARM.Build.0 = Release|Any CPU
		{D38BFDFC-AFDC-4688-B09B-821593E26AB6}.RCS-PortableShop-Release|iPhone.ActiveCfg = Release|Any CPU
		{D38BFDFC-AFDC-4688-B09B-821593E26AB6}.RCS-PortableShop-Release|iPhone.Build.0 = Release|Any CPU
		{D38BFDFC-AFDC-4688-B09B-821593E26AB6}.RCS-PortableShop-Release|iPhoneSimulator.ActiveCfg = Release|Any CPU
		{D38BFDFC-AFDC-4688-B09B-821593E26AB6}.RCS-PortableShop-Release|iPhoneSimulator.Build.0 = Release|Any CPU
		{D38BFDFC-AFDC-4688-B09B-821593E26AB6}.RCS-PortableShop-Release|x64.ActiveCfg = Release|Any CPU
		{D38BFDFC-AFDC-4688-B09B-821593E26AB6}.RCS-PortableShop-Release|x64.Build.0 = Release|Any CPU
		{D38BFDFC-AFDC-4688-B09B-821593E26AB6}.RCS-PortableShop-Release|x86.ActiveCfg = Release|Any CPU
		{D38BFDFC-AFDC-4688-B09B-821593E26AB6}.RCS-PortableShop-Release|x86.Build.0 = Release|Any CPU
		{D38BFDFC-AFDC-4688-B09B-821593E26AB6}.Release|Any CPU.ActiveCfg = Release|Any CPU
		{D38BFDFC-AFDC-4688-B09B-821593E26AB6}.Release|Any CPU.Build.0 = Release|Any CPU
		{D38BFDFC-AFDC-4688-B09B-821593E26AB6}.Release|ARM.ActiveCfg = Release|Any CPU
		{D38BFDFC-AFDC-4688-B09B-821593E26AB6}.Release|ARM.Build.0 = Release|Any CPU
		{D38BFDFC-AFDC-4688-B09B-821593E26AB6}.Release|iPhone.ActiveCfg = Release|Any CPU
		{D38BFDFC-AFDC-4688-B09B-821593E26AB6}.Release|iPhone.Build.0 = Release|Any CPU
		{D38BFDFC-AFDC-4688-B09B-821593E26AB6}.Release|iPhoneSimulator.ActiveCfg = Release|Any CPU
		{D38BFDFC-AFDC-4688-B09B-821593E26AB6}.Release|iPhoneSimulator.Build.0 = Release|Any CPU
		{D38BFDFC-AFDC-4688-B09B-821593E26AB6}.Release|x64.ActiveCfg = Release|Any CPU
		{D38BFDFC-AFDC-4688-B09B-821593E26AB6}.Release|x64.Build.0 = Release|Any CPU
		{D38BFDFC-AFDC-4688-B09B-821593E26AB6}.Release|x86.ActiveCfg = Release|Any CPU
		{D38BFDFC-AFDC-4688-B09B-821593E26AB6}.Release|x86.Build.0 = Release|Any CPU
	EndGlobalSection
	GlobalSection(SolutionProperties) = preSolution
		HideSolutionNode = FALSE
	EndGlobalSection
	GlobalSection(NestedProjects) = preSolution
		{580F96C6-28DC-464D-8B08-48BD802B151D} = {B90E6AA0-E5D0-49FE-A88C-FD0219EFCAC5}
		{2BC02605-A316-4B63-A338-34D28E0CC2BC} = {B90E6AA0-E5D0-49FE-A88C-FD0219EFCAC5}
		{493D8ED2-1BA9-436C-981F-3A84523FA8A0} = {444E2CF3-351A-495D-BCDD-9A113AD595E1}
		{BB290803-68D3-459C-8D93-5D8DC9EA29B4} = {B90E6AA0-E5D0-49FE-A88C-FD0219EFCAC5}
		{D38BFDFC-AFDC-4688-B09B-821593E26AB6} = {B90E6AA0-E5D0-49FE-A88C-FD0219EFCAC5}
		{2C483D9C-5A51-4ABC-AEAA-C3CE8999C3F0} = {5B91D6AC-FFB9-45ED-A093-67CB06FFB132}
		{BDFAA699-C339-45B7-AB02-BD747B603E79} = {2C483D9C-5A51-4ABC-AEAA-C3CE8999C3F0}
		{408DB8CB-F58B-490D-A337-60AC4C4AF29D} = {5B91D6AC-FFB9-45ED-A093-67CB06FFB132}
	EndGlobalSection
	GlobalSection(ExtensibilityGlobals) = postSolution
		SolutionGuid = {4AE3F23E-9C64-4F26-A0B7-32D62997DD5B}
	EndGlobalSection
EndGlobal
