
Microsoft Visual Studio Solution File, Format Version 12.00
# Visual Studio 14
VisualStudioVersion = 14.0.25420.1
MinimumVisualStudioVersion = 10.0.40219.1
Project("{2150E333-8FDC-42A3-9474-1A3956D46DE8}") = "Solution Items", "Solution Items", "{128EFE21-DDC5-4FCE-BB68-0CD6F8398C73}"
	ProjectSection(SolutionItems) = preProject
		README.md = README.md
	EndProjectSection
EndProject
Project("{2150E333-8FDC-42A3-9474-1A3956D46DE8}") = "Platforms", "Platforms", "{BF5A32B0-CF2E-43E0-BC2B-9CDF5C86730B}"
EndProject
Project("{FAE04EC0-301F-11D3-BF4B-00C04F79EFBC}") = "RCS.PortableShop.UWP", "platforms\RCS.PortableShop.UWP\RCS.PortableShop.UWP.csproj", "{243D673B-797F-4B02-A594-37A7A09162FA}"
EndProject
Project("{FAE04EC0-301F-11D3-BF4B-00C04F79EFBC}") = "RCS.PortableShop.Windows", "platforms\RCS.PortableShop.Windows\RCS.PortableShop.Windows.csproj", "{3C5788EA-210E-4FDC-B531-3171FAD96622}"
EndProject
Project("{FAE04EC0-301F-11D3-BF4B-00C04F79EFBC}") = "RCS.PortableShop.WinPhone", "platforms\RCS.PortableShop.WinPhone\RCS.PortableShop.WinPhone.csproj", "{6C1B2508-B08F-45A5-9449-DA7FFA50BEBB}"
EndProject
Project("{FAE04EC0-301F-11D3-BF4B-00C04F79EFBC}") = "RCS.PortableShop.iOS", "platforms\RCS.PortableShop.iOS\RCS.PortableShop.iOS.csproj", "{AF10AE97-F898-47E7-A165-8CF8EF0696A6}"
EndProject
Project("{FAE04EC0-301F-11D3-BF4B-00C04F79EFBC}") = "RCS.PortableShop.Droid", "platforms\RCS.PortableShop.Droid\RCS.PortableShop.Droid.csproj", "{B30E6A46-2769-46F8-B0D1-24BCBBE1F4F2}"
EndProject
Project("{2150E333-8FDC-42A3-9474-1A3956D46DE8}") = "Portable", "Portable", "{B90E6AA0-E5D0-49FE-A88C-FD0219EFCAC5}"
EndProject
Project("{FAE04EC0-301F-11D3-BF4B-00C04F79EFBC}") = "RCS.PortableShop", "Portable\RCS.PortableShop\RCS.PortableShop.csproj", "{CCF5BF7A-5A36-4E98-A978-023BCD877008}"
EndProject
Project("{FAE04EC0-301F-11D3-BF4B-00C04F79EFBC}") = "RCS.PortableShop.Resources", "Portable\RCS.PortableShop.Resources\RCS.PortableShop.Resources.csproj", "{0D6C7470-AE24-4262-BEF4-F26ED7D2D76C}"
EndProject
Project("{FAE04EC0-301F-11D3-BF4B-00C04F79EFBC}") = "RCS.PortableShop.ServiceClients.Products", "Portable\RCS.PortableShop.ServiceClients.Products\RCS.PortableShop.ServiceClients.Products.csproj", "{301EE603-C92B-4552-A7E5-C63A091563A8}"
EndProject
Project("{FAE04EC0-301F-11D3-BF4B-00C04F79EFBC}") = "RCS.PortableShop.Common", "Portable\RCS.PortableShop.Common\RCS.PortableShop.Common.csproj", "{67F9D3A8-F71E-4428-913F-C37AE82CDB24}"
EndProject
Global
	GlobalSection(SolutionConfigurationPlatforms) = preSolution
		Ad-Hoc|Any CPU = Ad-Hoc|Any CPU
		Ad-Hoc|ARM = Ad-Hoc|ARM
		Ad-Hoc|iPhone = Ad-Hoc|iPhone
		Ad-Hoc|iPhoneSimulator = Ad-Hoc|iPhoneSimulator
		Ad-Hoc|x64 = Ad-Hoc|x64
		Ad-Hoc|x86 = Ad-Hoc|x86
		AppStore|Any CPU = AppStore|Any CPU
		AppStore|ARM = AppStore|ARM
		AppStore|iPhone = AppStore|iPhone
		AppStore|iPhoneSimulator = AppStore|iPhoneSimulator
		AppStore|x64 = AppStore|x64
		AppStore|x86 = AppStore|x86
		Debug|Any CPU = Debug|Any CPU
		Debug|ARM = Debug|ARM
		Debug|iPhone = Debug|iPhone
		Debug|iPhoneSimulator = Debug|iPhoneSimulator
		Debug|x64 = Debug|x64
		Debug|x86 = Debug|x86
		RCS-PortableShop-Debug|Any CPU = RCS-PortableShop-Debug|Any CPU
		RCS-PortableShop-Debug|ARM = RCS-PortableShop-Debug|ARM
		RCS-PortableShop-Debug|iPhone = RCS-PortableShop-Debug|iPhone
		RCS-PortableShop-Debug|iPhoneSimulator = RCS-PortableShop-Debug|iPhoneSimulator
		RCS-PortableShop-Debug|x64 = RCS-PortableShop-Debug|x64
		RCS-PortableShop-Debug|x86 = RCS-PortableShop-Debug|x86
		RCS-PortableShop-Release|Any CPU = RCS-PortableShop-Release|Any CPU
		RCS-PortableShop-Release|ARM = RCS-PortableShop-Release|ARM
		RCS-PortableShop-Release|iPhone = RCS-PortableShop-Release|iPhone
		RCS-PortableShop-Release|iPhoneSimulator = RCS-PortableShop-Release|iPhoneSimulator
		RCS-PortableShop-Release|x64 = RCS-PortableShop-Release|x64
		RCS-PortableShop-Release|x86 = RCS-PortableShop-Release|x86
		Release|Any CPU = Release|Any CPU
		Release|ARM = Release|ARM
		Release|iPhone = Release|iPhone
		Release|iPhoneSimulator = Release|iPhoneSimulator
		Release|x64 = Release|x64
		Release|x86 = Release|x86
	EndGlobalSection
	GlobalSection(ProjectConfigurationPlatforms) = postSolution
		{243D673B-797F-4B02-A594-37A7A09162FA}.Ad-Hoc|Any CPU.ActiveCfg = Release|x86
		{243D673B-797F-4B02-A594-37A7A09162FA}.Ad-Hoc|Any CPU.Build.0 = Release|x86
		{243D673B-797F-4B02-A594-37A7A09162FA}.Ad-Hoc|Any CPU.Deploy.0 = Release|x86
		{243D673B-797F-4B02-A594-37A7A09162FA}.Ad-Hoc|ARM.ActiveCfg = Release|ARM
		{243D673B-797F-4B02-A594-37A7A09162FA}.Ad-Hoc|ARM.Build.0 = Release|ARM
		{243D673B-797F-4B02-A594-37A7A09162FA}.Ad-Hoc|ARM.Deploy.0 = Release|ARM
		{243D673B-797F-4B02-A594-37A7A09162FA}.Ad-Hoc|iPhone.ActiveCfg = Release|x86
		{243D673B-797F-4B02-A594-37A7A09162FA}.Ad-Hoc|iPhone.Build.0 = Release|x86
		{243D673B-797F-4B02-A594-37A7A09162FA}.Ad-Hoc|iPhone.Deploy.0 = Release|x86
		{243D673B-797F-4B02-A594-37A7A09162FA}.Ad-Hoc|iPhoneSimulator.ActiveCfg = Release|x86
		{243D673B-797F-4B02-A594-37A7A09162FA}.Ad-Hoc|iPhoneSimulator.Build.0 = Release|x86
		{243D673B-797F-4B02-A594-37A7A09162FA}.Ad-Hoc|iPhoneSimulator.Deploy.0 = Release|x86
		{243D673B-797F-4B02-A594-37A7A09162FA}.Ad-Hoc|x64.ActiveCfg = Release|x64
		{243D673B-797F-4B02-A594-37A7A09162FA}.Ad-Hoc|x64.Build.0 = Release|x64
		{243D673B-797F-4B02-A594-37A7A09162FA}.Ad-Hoc|x64.Deploy.0 = Release|x64
		{243D673B-797F-4B02-A594-37A7A09162FA}.Ad-Hoc|x86.ActiveCfg = Release|x86
		{243D673B-797F-4B02-A594-37A7A09162FA}.Ad-Hoc|x86.Build.0 = Release|x86
		{243D673B-797F-4B02-A594-37A7A09162FA}.Ad-Hoc|x86.Deploy.0 = Release|x86
		{243D673B-797F-4B02-A594-37A7A09162FA}.AppStore|Any CPU.ActiveCfg = Release|x86
		{243D673B-797F-4B02-A594-37A7A09162FA}.AppStore|Any CPU.Build.0 = Release|x86
		{243D673B-797F-4B02-A594-37A7A09162FA}.AppStore|Any CPU.Deploy.0 = Release|x86
		{243D673B-797F-4B02-A594-37A7A09162FA}.AppStore|ARM.ActiveCfg = Release|ARM
		{243D673B-797F-4B02-A594-37A7A09162FA}.AppStore|ARM.Build.0 = Release|ARM
		{243D673B-797F-4B02-A594-37A7A09162FA}.AppStore|ARM.Deploy.0 = Release|ARM
		{243D673B-797F-4B02-A594-37A7A09162FA}.AppStore|iPhone.ActiveCfg = Release|x86
		{243D673B-797F-4B02-A594-37A7A09162FA}.AppStore|iPhone.Build.0 = Release|x86
		{243D673B-797F-4B02-A594-37A7A09162FA}.AppStore|iPhone.Deploy.0 = Release|x86
		{243D673B-797F-4B02-A594-37A7A09162FA}.AppStore|iPhoneSimulator.ActiveCfg = Release|x86
		{243D673B-797F-4B02-A594-37A7A09162FA}.AppStore|iPhoneSimulator.Build.0 = Release|x86
		{243D673B-797F-4B02-A594-37A7A09162FA}.AppStore|iPhoneSimulator.Deploy.0 = Release|x86
		{243D673B-797F-4B02-A594-37A7A09162FA}.AppStore|x64.ActiveCfg = Release|x64
		{243D673B-797F-4B02-A594-37A7A09162FA}.AppStore|x64.Build.0 = Release|x64
		{243D673B-797F-4B02-A594-37A7A09162FA}.AppStore|x64.Deploy.0 = Release|x64
		{243D673B-797F-4B02-A594-37A7A09162FA}.AppStore|x86.ActiveCfg = Release|x86
		{243D673B-797F-4B02-A594-37A7A09162FA}.AppStore|x86.Build.0 = Release|x86
		{243D673B-797F-4B02-A594-37A7A09162FA}.AppStore|x86.Deploy.0 = Release|x86
		{243D673B-797F-4B02-A594-37A7A09162FA}.Debug|Any CPU.ActiveCfg = Debug|x86
		{243D673B-797F-4B02-A594-37A7A09162FA}.Debug|Any CPU.Build.0 = Debug|x86
		{243D673B-797F-4B02-A594-37A7A09162FA}.Debug|ARM.ActiveCfg = Debug|ARM
		{243D673B-797F-4B02-A594-37A7A09162FA}.Debug|ARM.Build.0 = Debug|ARM
		{243D673B-797F-4B02-A594-37A7A09162FA}.Debug|ARM.Deploy.0 = Debug|ARM
		{243D673B-797F-4B02-A594-37A7A09162FA}.Debug|iPhone.ActiveCfg = Debug|x86
		{243D673B-797F-4B02-A594-37A7A09162FA}.Debug|iPhoneSimulator.ActiveCfg = Debug|x86
		{243D673B-797F-4B02-A594-37A7A09162FA}.Debug|x64.ActiveCfg = Debug|x64
		{243D673B-797F-4B02-A594-37A7A09162FA}.Debug|x64.Build.0 = Debug|x64
		{243D673B-797F-4B02-A594-37A7A09162FA}.Debug|x64.Deploy.0 = Debug|x64
		{243D673B-797F-4B02-A594-37A7A09162FA}.Debug|x86.ActiveCfg = Debug|x86
		{243D673B-797F-4B02-A594-37A7A09162FA}.Debug|x86.Build.0 = Debug|x86
		{243D673B-797F-4B02-A594-37A7A09162FA}.Debug|x86.Deploy.0 = Debug|x86
		{243D673B-797F-4B02-A594-37A7A09162FA}.RCS-PortableShop-Debug|Any CPU.ActiveCfg = Debug|x86
		{243D673B-797F-4B02-A594-37A7A09162FA}.RCS-PortableShop-Debug|ARM.ActiveCfg = Debug|ARM
		{243D673B-797F-4B02-A594-37A7A09162FA}.RCS-PortableShop-Debug|ARM.Build.0 = Debug|ARM
		{243D673B-797F-4B02-A594-37A7A09162FA}.RCS-PortableShop-Debug|ARM.Deploy.0 = Debug|ARM
		{243D673B-797F-4B02-A594-37A7A09162FA}.RCS-PortableShop-Debug|iPhone.ActiveCfg = Debug|x86
		{243D673B-797F-4B02-A594-37A7A09162FA}.RCS-PortableShop-Debug|iPhoneSimulator.ActiveCfg = Debug|x86
		{243D673B-797F-4B02-A594-37A7A09162FA}.RCS-PortableShop-Debug|x64.ActiveCfg = Debug|x64
		{243D673B-797F-4B02-A594-37A7A09162FA}.RCS-PortableShop-Debug|x64.Build.0 = Debug|x64
		{243D673B-797F-4B02-A594-37A7A09162FA}.RCS-PortableShop-Debug|x64.Deploy.0 = Debug|x64
		{243D673B-797F-4B02-A594-37A7A09162FA}.RCS-PortableShop-Debug|x86.ActiveCfg = Debug|x86
		{243D673B-797F-4B02-A594-37A7A09162FA}.RCS-PortableShop-Debug|x86.Build.0 = Debug|x86
		{243D673B-797F-4B02-A594-37A7A09162FA}.RCS-PortableShop-Debug|x86.Deploy.0 = Debug|x86
		{243D673B-797F-4B02-A594-37A7A09162FA}.RCS-PortableShop-Release|Any CPU.ActiveCfg = Release|x86
		{243D673B-797F-4B02-A594-37A7A09162FA}.RCS-PortableShop-Release|ARM.ActiveCfg = Debug|ARM
		{243D673B-797F-4B02-A594-37A7A09162FA}.RCS-PortableShop-Release|ARM.Build.0 = Debug|ARM
		{243D673B-797F-4B02-A594-37A7A09162FA}.RCS-PortableShop-Release|ARM.Deploy.0 = Debug|ARM
		{243D673B-797F-4B02-A594-37A7A09162FA}.RCS-PortableShop-Release|iPhone.ActiveCfg = Debug|x86
		{243D673B-797F-4B02-A594-37A7A09162FA}.RCS-PortableShop-Release|iPhoneSimulator.ActiveCfg = Debug|x86
		{243D673B-797F-4B02-A594-37A7A09162FA}.RCS-PortableShop-Release|x64.ActiveCfg = Debug|x64
		{243D673B-797F-4B02-A594-37A7A09162FA}.RCS-PortableShop-Release|x64.Build.0 = Debug|x64
		{243D673B-797F-4B02-A594-37A7A09162FA}.RCS-PortableShop-Release|x64.Deploy.0 = Debug|x64
		{243D673B-797F-4B02-A594-37A7A09162FA}.RCS-PortableShop-Release|x86.ActiveCfg = Debug|x86
		{243D673B-797F-4B02-A594-37A7A09162FA}.RCS-PortableShop-Release|x86.Build.0 = Debug|x86
		{243D673B-797F-4B02-A594-37A7A09162FA}.RCS-PortableShop-Release|x86.Deploy.0 = Debug|x86
		{243D673B-797F-4B02-A594-37A7A09162FA}.Release|Any CPU.ActiveCfg = Release|x86
		{243D673B-797F-4B02-A594-37A7A09162FA}.Release|ARM.ActiveCfg = Release|ARM
		{243D673B-797F-4B02-A594-37A7A09162FA}.Release|ARM.Build.0 = Release|ARM
		{243D673B-797F-4B02-A594-37A7A09162FA}.Release|ARM.Deploy.0 = Release|ARM
		{243D673B-797F-4B02-A594-37A7A09162FA}.Release|iPhone.ActiveCfg = Release|x86
		{243D673B-797F-4B02-A594-37A7A09162FA}.Release|iPhoneSimulator.ActiveCfg = Release|x86
		{243D673B-797F-4B02-A594-37A7A09162FA}.Release|x64.ActiveCfg = Release|x64
		{243D673B-797F-4B02-A594-37A7A09162FA}.Release|x64.Build.0 = Release|x64
		{243D673B-797F-4B02-A594-37A7A09162FA}.Release|x64.Deploy.0 = Release|x64
		{243D673B-797F-4B02-A594-37A7A09162FA}.Release|x86.ActiveCfg = Release|x86
		{243D673B-797F-4B02-A594-37A7A09162FA}.Release|x86.Build.0 = Release|x86
		{243D673B-797F-4B02-A594-37A7A09162FA}.Release|x86.Deploy.0 = Release|x86
		{3C5788EA-210E-4FDC-B531-3171FAD96622}.Ad-Hoc|Any CPU.ActiveCfg = Release|Any CPU
		{3C5788EA-210E-4FDC-B531-3171FAD96622}.Ad-Hoc|Any CPU.Build.0 = Release|Any CPU
		{3C5788EA-210E-4FDC-B531-3171FAD96622}.Ad-Hoc|Any CPU.Deploy.0 = Release|Any CPU
		{3C5788EA-210E-4FDC-B531-3171FAD96622}.Ad-Hoc|ARM.ActiveCfg = Release|ARM
		{3C5788EA-210E-4FDC-B531-3171FAD96622}.Ad-Hoc|ARM.Build.0 = Release|ARM
		{3C5788EA-210E-4FDC-B531-3171FAD96622}.Ad-Hoc|ARM.Deploy.0 = Release|ARM
		{3C5788EA-210E-4FDC-B531-3171FAD96622}.Ad-Hoc|iPhone.ActiveCfg = Release|Any CPU
		{3C5788EA-210E-4FDC-B531-3171FAD96622}.Ad-Hoc|iPhone.Build.0 = Release|Any CPU
		{3C5788EA-210E-4FDC-B531-3171FAD96622}.Ad-Hoc|iPhone.Deploy.0 = Release|Any CPU
		{3C5788EA-210E-4FDC-B531-3171FAD96622}.Ad-Hoc|iPhoneSimulator.ActiveCfg = Release|Any CPU
		{3C5788EA-210E-4FDC-B531-3171FAD96622}.Ad-Hoc|iPhoneSimulator.Build.0 = Release|Any CPU
		{3C5788EA-210E-4FDC-B531-3171FAD96622}.Ad-Hoc|iPhoneSimulator.Deploy.0 = Release|Any CPU
		{3C5788EA-210E-4FDC-B531-3171FAD96622}.Ad-Hoc|x64.ActiveCfg = Release|x64
		{3C5788EA-210E-4FDC-B531-3171FAD96622}.Ad-Hoc|x64.Build.0 = Release|x64
		{3C5788EA-210E-4FDC-B531-3171FAD96622}.Ad-Hoc|x64.Deploy.0 = Release|x64
		{3C5788EA-210E-4FDC-B531-3171FAD96622}.Ad-Hoc|x86.ActiveCfg = Release|x86
		{3C5788EA-210E-4FDC-B531-3171FAD96622}.Ad-Hoc|x86.Build.0 = Release|x86
		{3C5788EA-210E-4FDC-B531-3171FAD96622}.Ad-Hoc|x86.Deploy.0 = Release|x86
		{3C5788EA-210E-4FDC-B531-3171FAD96622}.AppStore|Any CPU.ActiveCfg = Release|Any CPU
		{3C5788EA-210E-4FDC-B531-3171FAD96622}.AppStore|Any CPU.Build.0 = Release|Any CPU
		{3C5788EA-210E-4FDC-B531-3171FAD96622}.AppStore|Any CPU.Deploy.0 = Release|Any CPU
		{3C5788EA-210E-4FDC-B531-3171FAD96622}.AppStore|ARM.ActiveCfg = Release|ARM
		{3C5788EA-210E-4FDC-B531-3171FAD96622}.AppStore|ARM.Build.0 = Release|ARM
		{3C5788EA-210E-4FDC-B531-3171FAD96622}.AppStore|ARM.Deploy.0 = Release|ARM
		{3C5788EA-210E-4FDC-B531-3171FAD96622}.AppStore|iPhone.ActiveCfg = Release|Any CPU
		{3C5788EA-210E-4FDC-B531-3171FAD96622}.AppStore|iPhone.Build.0 = Release|Any CPU
		{3C5788EA-210E-4FDC-B531-3171FAD96622}.AppStore|iPhone.Deploy.0 = Release|Any CPU
		{3C5788EA-210E-4FDC-B531-3171FAD96622}.AppStore|iPhoneSimulator.ActiveCfg = Release|Any CPU
		{3C5788EA-210E-4FDC-B531-3171FAD96622}.AppStore|iPhoneSimulator.Build.0 = Release|Any CPU
		{3C5788EA-210E-4FDC-B531-3171FAD96622}.AppStore|iPhoneSimulator.Deploy.0 = Release|Any CPU
		{3C5788EA-210E-4FDC-B531-3171FAD96622}.AppStore|x64.ActiveCfg = Release|x64
		{3C5788EA-210E-4FDC-B531-3171FAD96622}.AppStore|x64.Build.0 = Release|x64
		{3C5788EA-210E-4FDC-B531-3171FAD96622}.AppStore|x64.Deploy.0 = Release|x64
		{3C5788EA-210E-4FDC-B531-3171FAD96622}.AppStore|x86.ActiveCfg = Release|x86
		{3C5788EA-210E-4FDC-B531-3171FAD96622}.AppStore|x86.Build.0 = Release|x86
		{3C5788EA-210E-4FDC-B531-3171FAD96622}.AppStore|x86.Deploy.0 = Release|x86
		{3C5788EA-210E-4FDC-B531-3171FAD96622}.Debug|Any CPU.ActiveCfg = Debug|Any CPU
		{3C5788EA-210E-4FDC-B531-3171FAD96622}.Debug|Any CPU.Build.0 = Debug|Any CPU
		{3C5788EA-210E-4FDC-B531-3171FAD96622}.Debug|ARM.ActiveCfg = Debug|ARM
		{3C5788EA-210E-4FDC-B531-3171FAD96622}.Debug|ARM.Build.0 = Debug|ARM
		{3C5788EA-210E-4FDC-B531-3171FAD96622}.Debug|ARM.Deploy.0 = Debug|ARM
		{3C5788EA-210E-4FDC-B531-3171FAD96622}.Debug|iPhone.ActiveCfg = Debug|Any CPU
		{3C5788EA-210E-4FDC-B531-3171FAD96622}.Debug|iPhone.Build.0 = Debug|Any CPU
		{3C5788EA-210E-4FDC-B531-3171FAD96622}.Debug|iPhone.Deploy.0 = Debug|Any CPU
		{3C5788EA-210E-4FDC-B531-3171FAD96622}.Debug|iPhoneSimulator.ActiveCfg = Debug|Any CPU
		{3C5788EA-210E-4FDC-B531-3171FAD96622}.Debug|iPhoneSimulator.Build.0 = Debug|Any CPU
		{3C5788EA-210E-4FDC-B531-3171FAD96622}.Debug|iPhoneSimulator.Deploy.0 = Debug|Any CPU
		{3C5788EA-210E-4FDC-B531-3171FAD96622}.Debug|x64.ActiveCfg = Debug|x64
		{3C5788EA-210E-4FDC-B531-3171FAD96622}.Debug|x64.Build.0 = Debug|x64
		{3C5788EA-210E-4FDC-B531-3171FAD96622}.Debug|x64.Deploy.0 = Debug|x64
		{3C5788EA-210E-4FDC-B531-3171FAD96622}.Debug|x86.ActiveCfg = Debug|x86
		{3C5788EA-210E-4FDC-B531-3171FAD96622}.Debug|x86.Build.0 = Debug|x86
		{3C5788EA-210E-4FDC-B531-3171FAD96622}.Debug|x86.Deploy.0 = Debug|x86
		{3C5788EA-210E-4FDC-B531-3171FAD96622}.RCS-PortableShop-Debug|Any CPU.ActiveCfg = Debug|Any CPU
		{3C5788EA-210E-4FDC-B531-3171FAD96622}.RCS-PortableShop-Debug|ARM.ActiveCfg = Debug|ARM
		{3C5788EA-210E-4FDC-B531-3171FAD96622}.RCS-PortableShop-Debug|ARM.Build.0 = Debug|ARM
		{3C5788EA-210E-4FDC-B531-3171FAD96622}.RCS-PortableShop-Debug|ARM.Deploy.0 = Debug|ARM
		{3C5788EA-210E-4FDC-B531-3171FAD96622}.RCS-PortableShop-Debug|iPhone.ActiveCfg = Debug|Any CPU
		{3C5788EA-210E-4FDC-B531-3171FAD96622}.RCS-PortableShop-Debug|iPhone.Build.0 = Debug|Any CPU
		{3C5788EA-210E-4FDC-B531-3171FAD96622}.RCS-PortableShop-Debug|iPhone.Deploy.0 = Debug|Any CPU
		{3C5788EA-210E-4FDC-B531-3171FAD96622}.RCS-PortableShop-Debug|iPhoneSimulator.ActiveCfg = Debug|Any CPU
		{3C5788EA-210E-4FDC-B531-3171FAD96622}.RCS-PortableShop-Debug|iPhoneSimulator.Build.0 = Debug|Any CPU
		{3C5788EA-210E-4FDC-B531-3171FAD96622}.RCS-PortableShop-Debug|iPhoneSimulator.Deploy.0 = Debug|Any CPU
		{3C5788EA-210E-4FDC-B531-3171FAD96622}.RCS-PortableShop-Debug|x64.ActiveCfg = Debug|x64
		{3C5788EA-210E-4FDC-B531-3171FAD96622}.RCS-PortableShop-Debug|x64.Build.0 = Debug|x64
		{3C5788EA-210E-4FDC-B531-3171FAD96622}.RCS-PortableShop-Debug|x64.Deploy.0 = Debug|x64
		{3C5788EA-210E-4FDC-B531-3171FAD96622}.RCS-PortableShop-Debug|x86.ActiveCfg = Debug|x86
		{3C5788EA-210E-4FDC-B531-3171FAD96622}.RCS-PortableShop-Debug|x86.Build.0 = Debug|x86
		{3C5788EA-210E-4FDC-B531-3171FAD96622}.RCS-PortableShop-Debug|x86.Deploy.0 = Debug|x86
		{3C5788EA-210E-4FDC-B531-3171FAD96622}.RCS-PortableShop-Release|Any CPU.ActiveCfg = Release|Any CPU
		{3C5788EA-210E-4FDC-B531-3171FAD96622}.RCS-PortableShop-Release|ARM.ActiveCfg = Debug|ARM
		{3C5788EA-210E-4FDC-B531-3171FAD96622}.RCS-PortableShop-Release|ARM.Build.0 = Debug|ARM
		{3C5788EA-210E-4FDC-B531-3171FAD96622}.RCS-PortableShop-Release|ARM.Deploy.0 = Debug|ARM
		{3C5788EA-210E-4FDC-B531-3171FAD96622}.RCS-PortableShop-Release|iPhone.ActiveCfg = Debug|Any CPU
		{3C5788EA-210E-4FDC-B531-3171FAD96622}.RCS-PortableShop-Release|iPhone.Build.0 = Debug|Any CPU
		{3C5788EA-210E-4FDC-B531-3171FAD96622}.RCS-PortableShop-Release|iPhone.Deploy.0 = Debug|Any CPU
		{3C5788EA-210E-4FDC-B531-3171FAD96622}.RCS-PortableShop-Release|iPhoneSimulator.ActiveCfg = Debug|Any CPU
		{3C5788EA-210E-4FDC-B531-3171FAD96622}.RCS-PortableShop-Release|iPhoneSimulator.Build.0 = Debug|Any CPU
		{3C5788EA-210E-4FDC-B531-3171FAD96622}.RCS-PortableShop-Release|iPhoneSimulator.Deploy.0 = Debug|Any CPU
		{3C5788EA-210E-4FDC-B531-3171FAD96622}.RCS-PortableShop-Release|x64.ActiveCfg = Debug|x64
		{3C5788EA-210E-4FDC-B531-3171FAD96622}.RCS-PortableShop-Release|x64.Build.0 = Debug|x64
		{3C5788EA-210E-4FDC-B531-3171FAD96622}.RCS-PortableShop-Release|x64.Deploy.0 = Debug|x64
		{3C5788EA-210E-4FDC-B531-3171FAD96622}.RCS-PortableShop-Release|x86.ActiveCfg = Debug|x86
		{3C5788EA-210E-4FDC-B531-3171FAD96622}.RCS-PortableShop-Release|x86.Build.0 = Debug|x86
		{3C5788EA-210E-4FDC-B531-3171FAD96622}.RCS-PortableShop-Release|x86.Deploy.0 = Debug|x86
		{3C5788EA-210E-4FDC-B531-3171FAD96622}.Release|Any CPU.ActiveCfg = Release|Any CPU
		{3C5788EA-210E-4FDC-B531-3171FAD96622}.Release|Any CPU.Build.0 = Release|Any CPU
		{3C5788EA-210E-4FDC-B531-3171FAD96622}.Release|Any CPU.Deploy.0 = Release|Any CPU
		{3C5788EA-210E-4FDC-B531-3171FAD96622}.Release|ARM.ActiveCfg = Release|ARM
		{3C5788EA-210E-4FDC-B531-3171FAD96622}.Release|ARM.Build.0 = Release|ARM
		{3C5788EA-210E-4FDC-B531-3171FAD96622}.Release|ARM.Deploy.0 = Release|ARM
		{3C5788EA-210E-4FDC-B531-3171FAD96622}.Release|iPhone.ActiveCfg = Release|Any CPU
		{3C5788EA-210E-4FDC-B531-3171FAD96622}.Release|iPhone.Build.0 = Release|Any CPU
		{3C5788EA-210E-4FDC-B531-3171FAD96622}.Release|iPhone.Deploy.0 = Release|Any CPU
		{3C5788EA-210E-4FDC-B531-3171FAD96622}.Release|iPhoneSimulator.ActiveCfg = Release|Any CPU
		{3C5788EA-210E-4FDC-B531-3171FAD96622}.Release|iPhoneSimulator.Build.0 = Release|Any CPU
		{3C5788EA-210E-4FDC-B531-3171FAD96622}.Release|iPhoneSimulator.Deploy.0 = Release|Any CPU
		{3C5788EA-210E-4FDC-B531-3171FAD96622}.Release|x64.ActiveCfg = Release|x64
		{3C5788EA-210E-4FDC-B531-3171FAD96622}.Release|x64.Build.0 = Release|x64
		{3C5788EA-210E-4FDC-B531-3171FAD96622}.Release|x64.Deploy.0 = Release|x64
		{3C5788EA-210E-4FDC-B531-3171FAD96622}.Release|x86.ActiveCfg = Release|x86
		{3C5788EA-210E-4FDC-B531-3171FAD96622}.Release|x86.Build.0 = Release|x86
		{3C5788EA-210E-4FDC-B531-3171FAD96622}.Release|x86.Deploy.0 = Release|x86
		{6C1B2508-B08F-45A5-9449-DA7FFA50BEBB}.Ad-Hoc|Any CPU.ActiveCfg = Release|Any CPU
		{6C1B2508-B08F-45A5-9449-DA7FFA50BEBB}.Ad-Hoc|Any CPU.Build.0 = Release|Any CPU
		{6C1B2508-B08F-45A5-9449-DA7FFA50BEBB}.Ad-Hoc|Any CPU.Deploy.0 = Release|Any CPU
		{6C1B2508-B08F-45A5-9449-DA7FFA50BEBB}.Ad-Hoc|ARM.ActiveCfg = Release|ARM
		{6C1B2508-B08F-45A5-9449-DA7FFA50BEBB}.Ad-Hoc|ARM.Build.0 = Release|ARM
		{6C1B2508-B08F-45A5-9449-DA7FFA50BEBB}.Ad-Hoc|ARM.Deploy.0 = Release|ARM
		{6C1B2508-B08F-45A5-9449-DA7FFA50BEBB}.Ad-Hoc|iPhone.ActiveCfg = Release|Any CPU
		{6C1B2508-B08F-45A5-9449-DA7FFA50BEBB}.Ad-Hoc|iPhone.Build.0 = Release|Any CPU
		{6C1B2508-B08F-45A5-9449-DA7FFA50BEBB}.Ad-Hoc|iPhone.Deploy.0 = Release|Any CPU
		{6C1B2508-B08F-45A5-9449-DA7FFA50BEBB}.Ad-Hoc|iPhoneSimulator.ActiveCfg = Release|Any CPU
		{6C1B2508-B08F-45A5-9449-DA7FFA50BEBB}.Ad-Hoc|iPhoneSimulator.Build.0 = Release|Any CPU
		{6C1B2508-B08F-45A5-9449-DA7FFA50BEBB}.Ad-Hoc|iPhoneSimulator.Deploy.0 = Release|Any CPU
		{6C1B2508-B08F-45A5-9449-DA7FFA50BEBB}.Ad-Hoc|x64.ActiveCfg = Release|Any CPU
		{6C1B2508-B08F-45A5-9449-DA7FFA50BEBB}.Ad-Hoc|x64.Build.0 = Release|Any CPU
		{6C1B2508-B08F-45A5-9449-DA7FFA50BEBB}.Ad-Hoc|x64.Deploy.0 = Release|Any CPU
		{6C1B2508-B08F-45A5-9449-DA7FFA50BEBB}.Ad-Hoc|x86.ActiveCfg = Release|x86
		{6C1B2508-B08F-45A5-9449-DA7FFA50BEBB}.Ad-Hoc|x86.Build.0 = Release|x86
		{6C1B2508-B08F-45A5-9449-DA7FFA50BEBB}.Ad-Hoc|x86.Deploy.0 = Release|x86
		{6C1B2508-B08F-45A5-9449-DA7FFA50BEBB}.AppStore|Any CPU.ActiveCfg = Release|Any CPU
		{6C1B2508-B08F-45A5-9449-DA7FFA50BEBB}.AppStore|Any CPU.Build.0 = Release|Any CPU
		{6C1B2508-B08F-45A5-9449-DA7FFA50BEBB}.AppStore|Any CPU.Deploy.0 = Release|Any CPU
		{6C1B2508-B08F-45A5-9449-DA7FFA50BEBB}.AppStore|ARM.ActiveCfg = Release|ARM
		{6C1B2508-B08F-45A5-9449-DA7FFA50BEBB}.AppStore|ARM.Build.0 = Release|ARM
		{6C1B2508-B08F-45A5-9449-DA7FFA50BEBB}.AppStore|ARM.Deploy.0 = Release|ARM
		{6C1B2508-B08F-45A5-9449-DA7FFA50BEBB}.AppStore|iPhone.ActiveCfg = Release|Any CPU
		{6C1B2508-B08F-45A5-9449-DA7FFA50BEBB}.AppStore|iPhone.Build.0 = Release|Any CPU
		{6C1B2508-B08F-45A5-9449-DA7FFA50BEBB}.AppStore|iPhone.Deploy.0 = Release|Any CPU
		{6C1B2508-B08F-45A5-9449-DA7FFA50BEBB}.AppStore|iPhoneSimulator.ActiveCfg = Release|Any CPU
		{6C1B2508-B08F-45A5-9449-DA7FFA50BEBB}.AppStore|iPhoneSimulator.Build.0 = Release|Any CPU
		{6C1B2508-B08F-45A5-9449-DA7FFA50BEBB}.AppStore|iPhoneSimulator.Deploy.0 = Release|Any CPU
		{6C1B2508-B08F-45A5-9449-DA7FFA50BEBB}.AppStore|x64.ActiveCfg = Release|Any CPU
		{6C1B2508-B08F-45A5-9449-DA7FFA50BEBB}.AppStore|x64.Build.0 = Release|Any CPU
		{6C1B2508-B08F-45A5-9449-DA7FFA50BEBB}.AppStore|x64.Deploy.0 = Release|Any CPU
		{6C1B2508-B08F-45A5-9449-DA7FFA50BEBB}.AppStore|x86.ActiveCfg = Release|x86
		{6C1B2508-B08F-45A5-9449-DA7FFA50BEBB}.AppStore|x86.Build.0 = Release|x86
		{6C1B2508-B08F-45A5-9449-DA7FFA50BEBB}.AppStore|x86.Deploy.0 = Release|x86
		{6C1B2508-B08F-45A5-9449-DA7FFA50BEBB}.Debug|Any CPU.ActiveCfg = Debug|Any CPU
		{6C1B2508-B08F-45A5-9449-DA7FFA50BEBB}.Debug|Any CPU.Build.0 = Debug|Any CPU
		{6C1B2508-B08F-45A5-9449-DA7FFA50BEBB}.Debug|ARM.ActiveCfg = Debug|ARM
		{6C1B2508-B08F-45A5-9449-DA7FFA50BEBB}.Debug|ARM.Build.0 = Debug|ARM
		{6C1B2508-B08F-45A5-9449-DA7FFA50BEBB}.Debug|ARM.Deploy.0 = Debug|ARM
		{6C1B2508-B08F-45A5-9449-DA7FFA50BEBB}.Debug|iPhone.ActiveCfg = Debug|Any CPU
		{6C1B2508-B08F-45A5-9449-DA7FFA50BEBB}.Debug|iPhone.Build.0 = Debug|Any CPU
		{6C1B2508-B08F-45A5-9449-DA7FFA50BEBB}.Debug|iPhone.Deploy.0 = Debug|Any CPU
		{6C1B2508-B08F-45A5-9449-DA7FFA50BEBB}.Debug|iPhoneSimulator.ActiveCfg = Debug|Any CPU
		{6C1B2508-B08F-45A5-9449-DA7FFA50BEBB}.Debug|iPhoneSimulator.Build.0 = Debug|Any CPU
		{6C1B2508-B08F-45A5-9449-DA7FFA50BEBB}.Debug|iPhoneSimulator.Deploy.0 = Debug|Any CPU
		{6C1B2508-B08F-45A5-9449-DA7FFA50BEBB}.Debug|x64.ActiveCfg = Debug|Any CPU
		{6C1B2508-B08F-45A5-9449-DA7FFA50BEBB}.Debug|x64.Build.0 = Debug|Any CPU
		{6C1B2508-B08F-45A5-9449-DA7FFA50BEBB}.Debug|x64.Deploy.0 = Debug|Any CPU
		{6C1B2508-B08F-45A5-9449-DA7FFA50BEBB}.Debug|x86.ActiveCfg = Debug|x86
		{6C1B2508-B08F-45A5-9449-DA7FFA50BEBB}.Debug|x86.Build.0 = Debug|x86
		{6C1B2508-B08F-45A5-9449-DA7FFA50BEBB}.Debug|x86.Deploy.0 = Debug|x86
		{6C1B2508-B08F-45A5-9449-DA7FFA50BEBB}.RCS-PortableShop-Debug|Any CPU.ActiveCfg = Debug|Any CPU
		{6C1B2508-B08F-45A5-9449-DA7FFA50BEBB}.RCS-PortableShop-Debug|ARM.ActiveCfg = Debug|ARM
		{6C1B2508-B08F-45A5-9449-DA7FFA50BEBB}.RCS-PortableShop-Debug|ARM.Build.0 = Debug|ARM
		{6C1B2508-B08F-45A5-9449-DA7FFA50BEBB}.RCS-PortableShop-Debug|ARM.Deploy.0 = Debug|ARM
		{6C1B2508-B08F-45A5-9449-DA7FFA50BEBB}.RCS-PortableShop-Debug|iPhone.ActiveCfg = Debug|Any CPU
		{6C1B2508-B08F-45A5-9449-DA7FFA50BEBB}.RCS-PortableShop-Debug|iPhone.Build.0 = Debug|Any CPU
		{6C1B2508-B08F-45A5-9449-DA7FFA50BEBB}.RCS-PortableShop-Debug|iPhone.Deploy.0 = Debug|Any CPU
		{6C1B2508-B08F-45A5-9449-DA7FFA50BEBB}.RCS-PortableShop-Debug|iPhoneSimulator.ActiveCfg = Debug|Any CPU
		{6C1B2508-B08F-45A5-9449-DA7FFA50BEBB}.RCS-PortableShop-Debug|iPhoneSimulator.Build.0 = Debug|Any CPU
		{6C1B2508-B08F-45A5-9449-DA7FFA50BEBB}.RCS-PortableShop-Debug|iPhoneSimulator.Deploy.0 = Debug|Any CPU
		{6C1B2508-B08F-45A5-9449-DA7FFA50BEBB}.RCS-PortableShop-Debug|x64.ActiveCfg = Debug|Any CPU
		{6C1B2508-B08F-45A5-9449-DA7FFA50BEBB}.RCS-PortableShop-Debug|x64.Build.0 = Debug|Any CPU
		{6C1B2508-B08F-45A5-9449-DA7FFA50BEBB}.RCS-PortableShop-Debug|x64.Deploy.0 = Debug|Any CPU
		{6C1B2508-B08F-45A5-9449-DA7FFA50BEBB}.RCS-PortableShop-Debug|x86.ActiveCfg = Debug|x86
		{6C1B2508-B08F-45A5-9449-DA7FFA50BEBB}.RCS-PortableShop-Debug|x86.Build.0 = Debug|x86
		{6C1B2508-B08F-45A5-9449-DA7FFA50BEBB}.RCS-PortableShop-Debug|x86.Deploy.0 = Debug|x86
		{6C1B2508-B08F-45A5-9449-DA7FFA50BEBB}.RCS-PortableShop-Release|Any CPU.ActiveCfg = Release|Any CPU
		{6C1B2508-B08F-45A5-9449-DA7FFA50BEBB}.RCS-PortableShop-Release|ARM.ActiveCfg = Debug|ARM
		{6C1B2508-B08F-45A5-9449-DA7FFA50BEBB}.RCS-PortableShop-Release|ARM.Build.0 = Debug|ARM
		{6C1B2508-B08F-45A5-9449-DA7FFA50BEBB}.RCS-PortableShop-Release|ARM.Deploy.0 = Debug|ARM
		{6C1B2508-B08F-45A5-9449-DA7FFA50BEBB}.RCS-PortableShop-Release|iPhone.ActiveCfg = Debug|Any CPU
		{6C1B2508-B08F-45A5-9449-DA7FFA50BEBB}.RCS-PortableShop-Release|iPhone.Build.0 = Debug|Any CPU
		{6C1B2508-B08F-45A5-9449-DA7FFA50BEBB}.RCS-PortableShop-Release|iPhone.Deploy.0 = Debug|Any CPU
		{6C1B2508-B08F-45A5-9449-DA7FFA50BEBB}.RCS-PortableShop-Release|iPhoneSimulator.ActiveCfg = Debug|Any CPU
		{6C1B2508-B08F-45A5-9449-DA7FFA50BEBB}.RCS-PortableShop-Release|iPhoneSimulator.Build.0 = Debug|Any CPU
		{6C1B2508-B08F-45A5-9449-DA7FFA50BEBB}.RCS-PortableShop-Release|iPhoneSimulator.Deploy.0 = Debug|Any CPU
		{6C1B2508-B08F-45A5-9449-DA7FFA50BEBB}.RCS-PortableShop-Release|x64.ActiveCfg = Debug|Any CPU
		{6C1B2508-B08F-45A5-9449-DA7FFA50BEBB}.RCS-PortableShop-Release|x64.Build.0 = Debug|Any CPU
		{6C1B2508-B08F-45A5-9449-DA7FFA50BEBB}.RCS-PortableShop-Release|x64.Deploy.0 = Debug|Any CPU
		{6C1B2508-B08F-45A5-9449-DA7FFA50BEBB}.RCS-PortableShop-Release|x86.ActiveCfg = Debug|x86
		{6C1B2508-B08F-45A5-9449-DA7FFA50BEBB}.RCS-PortableShop-Release|x86.Build.0 = Debug|x86
		{6C1B2508-B08F-45A5-9449-DA7FFA50BEBB}.RCS-PortableShop-Release|x86.Deploy.0 = Debug|x86
		{6C1B2508-B08F-45A5-9449-DA7FFA50BEBB}.Release|Any CPU.ActiveCfg = Release|Any CPU
		{6C1B2508-B08F-45A5-9449-DA7FFA50BEBB}.Release|Any CPU.Build.0 = Release|Any CPU
		{6C1B2508-B08F-45A5-9449-DA7FFA50BEBB}.Release|Any CPU.Deploy.0 = Release|Any CPU
		{6C1B2508-B08F-45A5-9449-DA7FFA50BEBB}.Release|ARM.ActiveCfg = Release|ARM
		{6C1B2508-B08F-45A5-9449-DA7FFA50BEBB}.Release|ARM.Build.0 = Release|ARM
		{6C1B2508-B08F-45A5-9449-DA7FFA50BEBB}.Release|ARM.Deploy.0 = Release|ARM
		{6C1B2508-B08F-45A5-9449-DA7FFA50BEBB}.Release|iPhone.ActiveCfg = Release|Any CPU
		{6C1B2508-B08F-45A5-9449-DA7FFA50BEBB}.Release|iPhone.Build.0 = Release|Any CPU
		{6C1B2508-B08F-45A5-9449-DA7FFA50BEBB}.Release|iPhone.Deploy.0 = Release|Any CPU
		{6C1B2508-B08F-45A5-9449-DA7FFA50BEBB}.Release|iPhoneSimulator.ActiveCfg = Release|Any CPU
		{6C1B2508-B08F-45A5-9449-DA7FFA50BEBB}.Release|iPhoneSimulator.Build.0 = Release|Any CPU
		{6C1B2508-B08F-45A5-9449-DA7FFA50BEBB}.Release|iPhoneSimulator.Deploy.0 = Release|Any CPU
		{6C1B2508-B08F-45A5-9449-DA7FFA50BEBB}.Release|x64.ActiveCfg = Release|Any CPU
		{6C1B2508-B08F-45A5-9449-DA7FFA50BEBB}.Release|x64.Build.0 = Release|Any CPU
		{6C1B2508-B08F-45A5-9449-DA7FFA50BEBB}.Release|x64.Deploy.0 = Release|Any CPU
		{6C1B2508-B08F-45A5-9449-DA7FFA50BEBB}.Release|x86.ActiveCfg = Release|x86
		{6C1B2508-B08F-45A5-9449-DA7FFA50BEBB}.Release|x86.Build.0 = Release|x86
		{6C1B2508-B08F-45A5-9449-DA7FFA50BEBB}.Release|x86.Deploy.0 = Release|x86
		{AF10AE97-F898-47E7-A165-8CF8EF0696A6}.Ad-Hoc|Any CPU.ActiveCfg = Ad-Hoc|iPhone
		{AF10AE97-F898-47E7-A165-8CF8EF0696A6}.Ad-Hoc|ARM.ActiveCfg = Ad-Hoc|iPhone
		{AF10AE97-F898-47E7-A165-8CF8EF0696A6}.Ad-Hoc|iPhone.ActiveCfg = Ad-Hoc|iPhone
		{AF10AE97-F898-47E7-A165-8CF8EF0696A6}.Ad-Hoc|iPhone.Build.0 = Ad-Hoc|iPhone
		{AF10AE97-F898-47E7-A165-8CF8EF0696A6}.Ad-Hoc|iPhoneSimulator.ActiveCfg = Ad-Hoc|iPhoneSimulator
		{AF10AE97-F898-47E7-A165-8CF8EF0696A6}.Ad-Hoc|iPhoneSimulator.Build.0 = Ad-Hoc|iPhoneSimulator
		{AF10AE97-F898-47E7-A165-8CF8EF0696A6}.Ad-Hoc|x64.ActiveCfg = Ad-Hoc|iPhone
		{AF10AE97-F898-47E7-A165-8CF8EF0696A6}.Ad-Hoc|x86.ActiveCfg = Ad-Hoc|iPhone
		{AF10AE97-F898-47E7-A165-8CF8EF0696A6}.AppStore|Any CPU.ActiveCfg = AppStore|iPhone
		{AF10AE97-F898-47E7-A165-8CF8EF0696A6}.AppStore|ARM.ActiveCfg = AppStore|iPhone
		{AF10AE97-F898-47E7-A165-8CF8EF0696A6}.AppStore|iPhone.ActiveCfg = AppStore|iPhone
		{AF10AE97-F898-47E7-A165-8CF8EF0696A6}.AppStore|iPhone.Build.0 = AppStore|iPhone
		{AF10AE97-F898-47E7-A165-8CF8EF0696A6}.AppStore|iPhoneSimulator.ActiveCfg = AppStore|iPhoneSimulator
		{AF10AE97-F898-47E7-A165-8CF8EF0696A6}.AppStore|iPhoneSimulator.Build.0 = AppStore|iPhoneSimulator
		{AF10AE97-F898-47E7-A165-8CF8EF0696A6}.AppStore|x64.ActiveCfg = AppStore|iPhone
		{AF10AE97-F898-47E7-A165-8CF8EF0696A6}.AppStore|x86.ActiveCfg = AppStore|iPhone
		{AF10AE97-F898-47E7-A165-8CF8EF0696A6}.Debug|Any CPU.ActiveCfg = Debug|iPhone
		{AF10AE97-F898-47E7-A165-8CF8EF0696A6}.Debug|Any CPU.Build.0 = Debug|iPhone
		{AF10AE97-F898-47E7-A165-8CF8EF0696A6}.Debug|ARM.ActiveCfg = Debug|iPhone
		{AF10AE97-F898-47E7-A165-8CF8EF0696A6}.Debug|iPhone.ActiveCfg = Debug|iPhone
		{AF10AE97-F898-47E7-A165-8CF8EF0696A6}.Debug|iPhone.Build.0 = Debug|iPhone
		{AF10AE97-F898-47E7-A165-8CF8EF0696A6}.Debug|iPhoneSimulator.ActiveCfg = Debug|iPhoneSimulator
		{AF10AE97-F898-47E7-A165-8CF8EF0696A6}.Debug|iPhoneSimulator.Build.0 = Debug|iPhoneSimulator
		{AF10AE97-F898-47E7-A165-8CF8EF0696A6}.Debug|x64.ActiveCfg = Debug|iPhone
		{AF10AE97-F898-47E7-A165-8CF8EF0696A6}.Debug|x86.ActiveCfg = Debug|iPhone
		{AF10AE97-F898-47E7-A165-8CF8EF0696A6}.RCS-PortableShop-Debug|Any CPU.ActiveCfg = Debug|iPhone
		{AF10AE97-F898-47E7-A165-8CF8EF0696A6}.RCS-PortableShop-Debug|Any CPU.Build.0 = Debug|iPhone
		{AF10AE97-F898-47E7-A165-8CF8EF0696A6}.RCS-PortableShop-Debug|ARM.ActiveCfg = Debug|iPhone
		{AF10AE97-F898-47E7-A165-8CF8EF0696A6}.RCS-PortableShop-Debug|iPhone.ActiveCfg = Debug|iPhone
		{AF10AE97-F898-47E7-A165-8CF8EF0696A6}.RCS-PortableShop-Debug|iPhone.Build.0 = Debug|iPhone
		{AF10AE97-F898-47E7-A165-8CF8EF0696A6}.RCS-PortableShop-Debug|iPhoneSimulator.ActiveCfg = Debug|iPhoneSimulator
		{AF10AE97-F898-47E7-A165-8CF8EF0696A6}.RCS-PortableShop-Debug|iPhoneSimulator.Build.0 = Debug|iPhoneSimulator
		{AF10AE97-F898-47E7-A165-8CF8EF0696A6}.RCS-PortableShop-Debug|x64.ActiveCfg = Debug|iPhone
		{AF10AE97-F898-47E7-A165-8CF8EF0696A6}.RCS-PortableShop-Debug|x86.ActiveCfg = Debug|iPhone
		{AF10AE97-F898-47E7-A165-8CF8EF0696A6}.RCS-PortableShop-Release|Any CPU.ActiveCfg = Release|iPhone
		{AF10AE97-F898-47E7-A165-8CF8EF0696A6}.RCS-PortableShop-Release|Any CPU.Build.0 = Release|iPhone
		{AF10AE97-F898-47E7-A165-8CF8EF0696A6}.RCS-PortableShop-Release|ARM.ActiveCfg = Debug|iPhone
		{AF10AE97-F898-47E7-A165-8CF8EF0696A6}.RCS-PortableShop-Release|iPhone.ActiveCfg = Debug|iPhone
		{AF10AE97-F898-47E7-A165-8CF8EF0696A6}.RCS-PortableShop-Release|iPhone.Build.0 = Debug|iPhone
		{AF10AE97-F898-47E7-A165-8CF8EF0696A6}.RCS-PortableShop-Release|iPhoneSimulator.ActiveCfg = Debug|iPhoneSimulator
		{AF10AE97-F898-47E7-A165-8CF8EF0696A6}.RCS-PortableShop-Release|iPhoneSimulator.Build.0 = Debug|iPhoneSimulator
		{AF10AE97-F898-47E7-A165-8CF8EF0696A6}.RCS-PortableShop-Release|x64.ActiveCfg = Debug|iPhone
		{AF10AE97-F898-47E7-A165-8CF8EF0696A6}.RCS-PortableShop-Release|x86.ActiveCfg = Debug|iPhone
		{AF10AE97-F898-47E7-A165-8CF8EF0696A6}.Release|Any CPU.ActiveCfg = Release|iPhone
		{AF10AE97-F898-47E7-A165-8CF8EF0696A6}.Release|ARM.ActiveCfg = Release|iPhone
		{AF10AE97-F898-47E7-A165-8CF8EF0696A6}.Release|iPhone.ActiveCfg = Release|iPhone
		{AF10AE97-F898-47E7-A165-8CF8EF0696A6}.Release|iPhone.Build.0 = Release|iPhone
		{AF10AE97-F898-47E7-A165-8CF8EF0696A6}.Release|iPhoneSimulator.ActiveCfg = Release|iPhoneSimulator
		{AF10AE97-F898-47E7-A165-8CF8EF0696A6}.Release|iPhoneSimulator.Build.0 = Release|iPhoneSimulator
		{AF10AE97-F898-47E7-A165-8CF8EF0696A6}.Release|x64.ActiveCfg = Release|iPhone
		{AF10AE97-F898-47E7-A165-8CF8EF0696A6}.Release|x86.ActiveCfg = Release|iPhone
		{B30E6A46-2769-46F8-B0D1-24BCBBE1F4F2}.Ad-Hoc|Any CPU.ActiveCfg = Release|Any CPU
		{B30E6A46-2769-46F8-B0D1-24BCBBE1F4F2}.Ad-Hoc|Any CPU.Build.0 = Release|Any CPU
		{B30E6A46-2769-46F8-B0D1-24BCBBE1F4F2}.Ad-Hoc|Any CPU.Deploy.0 = Release|Any CPU
		{B30E6A46-2769-46F8-B0D1-24BCBBE1F4F2}.Ad-Hoc|ARM.ActiveCfg = Release|Any CPU
		{B30E6A46-2769-46F8-B0D1-24BCBBE1F4F2}.Ad-Hoc|ARM.Build.0 = Release|Any CPU
		{B30E6A46-2769-46F8-B0D1-24BCBBE1F4F2}.Ad-Hoc|ARM.Deploy.0 = Release|Any CPU
		{B30E6A46-2769-46F8-B0D1-24BCBBE1F4F2}.Ad-Hoc|iPhone.ActiveCfg = Release|Any CPU
		{B30E6A46-2769-46F8-B0D1-24BCBBE1F4F2}.Ad-Hoc|iPhone.Build.0 = Release|Any CPU
		{B30E6A46-2769-46F8-B0D1-24BCBBE1F4F2}.Ad-Hoc|iPhone.Deploy.0 = Release|Any CPU
		{B30E6A46-2769-46F8-B0D1-24BCBBE1F4F2}.Ad-Hoc|iPhoneSimulator.ActiveCfg = Release|Any CPU
		{B30E6A46-2769-46F8-B0D1-24BCBBE1F4F2}.Ad-Hoc|iPhoneSimulator.Build.0 = Release|Any CPU
		{B30E6A46-2769-46F8-B0D1-24BCBBE1F4F2}.Ad-Hoc|iPhoneSimulator.Deploy.0 = Release|Any CPU
		{B30E6A46-2769-46F8-B0D1-24BCBBE1F4F2}.Ad-Hoc|x64.ActiveCfg = Release|Any CPU
		{B30E6A46-2769-46F8-B0D1-24BCBBE1F4F2}.Ad-Hoc|x64.Build.0 = Release|Any CPU
		{B30E6A46-2769-46F8-B0D1-24BCBBE1F4F2}.Ad-Hoc|x64.Deploy.0 = Release|Any CPU
		{B30E6A46-2769-46F8-B0D1-24BCBBE1F4F2}.Ad-Hoc|x86.ActiveCfg = Release|Any CPU
		{B30E6A46-2769-46F8-B0D1-24BCBBE1F4F2}.Ad-Hoc|x86.Build.0 = Release|Any CPU
		{B30E6A46-2769-46F8-B0D1-24BCBBE1F4F2}.Ad-Hoc|x86.Deploy.0 = Release|Any CPU
		{B30E6A46-2769-46F8-B0D1-24BCBBE1F4F2}.AppStore|Any CPU.ActiveCfg = Release|Any CPU
		{B30E6A46-2769-46F8-B0D1-24BCBBE1F4F2}.AppStore|Any CPU.Build.0 = Release|Any CPU
		{B30E6A46-2769-46F8-B0D1-24BCBBE1F4F2}.AppStore|Any CPU.Deploy.0 = Release|Any CPU
		{B30E6A46-2769-46F8-B0D1-24BCBBE1F4F2}.AppStore|ARM.ActiveCfg = Release|Any CPU
		{B30E6A46-2769-46F8-B0D1-24BCBBE1F4F2}.AppStore|ARM.Build.0 = Release|Any CPU
		{B30E6A46-2769-46F8-B0D1-24BCBBE1F4F2}.AppStore|ARM.Deploy.0 = Release|Any CPU
		{B30E6A46-2769-46F8-B0D1-24BCBBE1F4F2}.AppStore|iPhone.ActiveCfg = Release|Any CPU
		{B30E6A46-2769-46F8-B0D1-24BCBBE1F4F2}.AppStore|iPhone.Build.0 = Release|Any CPU
		{B30E6A46-2769-46F8-B0D1-24BCBBE1F4F2}.AppStore|iPhone.Deploy.0 = Release|Any CPU
		{B30E6A46-2769-46F8-B0D1-24BCBBE1F4F2}.AppStore|iPhoneSimulator.ActiveCfg = Release|Any CPU
		{B30E6A46-2769-46F8-B0D1-24BCBBE1F4F2}.AppStore|iPhoneSimulator.Build.0 = Release|Any CPU
		{B30E6A46-2769-46F8-B0D1-24BCBBE1F4F2}.AppStore|iPhoneSimulator.Deploy.0 = Release|Any CPU
		{B30E6A46-2769-46F8-B0D1-24BCBBE1F4F2}.AppStore|x64.ActiveCfg = Release|Any CPU
		{B30E6A46-2769-46F8-B0D1-24BCBBE1F4F2}.AppStore|x64.Build.0 = Release|Any CPU
		{B30E6A46-2769-46F8-B0D1-24BCBBE1F4F2}.AppStore|x64.Deploy.0 = Release|Any CPU
		{B30E6A46-2769-46F8-B0D1-24BCBBE1F4F2}.AppStore|x86.ActiveCfg = Release|Any CPU
		{B30E6A46-2769-46F8-B0D1-24BCBBE1F4F2}.AppStore|x86.Build.0 = Release|Any CPU
		{B30E6A46-2769-46F8-B0D1-24BCBBE1F4F2}.AppStore|x86.Deploy.0 = Release|Any CPU
		{B30E6A46-2769-46F8-B0D1-24BCBBE1F4F2}.Debug|Any CPU.ActiveCfg = Debug|Any CPU
		{B30E6A46-2769-46F8-B0D1-24BCBBE1F4F2}.Debug|Any CPU.Build.0 = Debug|Any CPU
		{B30E6A46-2769-46F8-B0D1-24BCBBE1F4F2}.Debug|Any CPU.Deploy.0 = Debug|Any CPU
		{B30E6A46-2769-46F8-B0D1-24BCBBE1F4F2}.Debug|ARM.ActiveCfg = Debug|Any CPU
		{B30E6A46-2769-46F8-B0D1-24BCBBE1F4F2}.Debug|ARM.Build.0 = Debug|Any CPU
		{B30E6A46-2769-46F8-B0D1-24BCBBE1F4F2}.Debug|ARM.Deploy.0 = Debug|Any CPU
		{B30E6A46-2769-46F8-B0D1-24BCBBE1F4F2}.Debug|iPhone.ActiveCfg = Debug|Any CPU
		{B30E6A46-2769-46F8-B0D1-24BCBBE1F4F2}.Debug|iPhone.Build.0 = Debug|Any CPU
		{B30E6A46-2769-46F8-B0D1-24BCBBE1F4F2}.Debug|iPhone.Deploy.0 = Debug|Any CPU
		{B30E6A46-2769-46F8-B0D1-24BCBBE1F4F2}.Debug|iPhoneSimulator.ActiveCfg = Debug|Any CPU
		{B30E6A46-2769-46F8-B0D1-24BCBBE1F4F2}.Debug|iPhoneSimulator.Build.0 = Debug|Any CPU
		{B30E6A46-2769-46F8-B0D1-24BCBBE1F4F2}.Debug|iPhoneSimulator.Deploy.0 = Debug|Any CPU
		{B30E6A46-2769-46F8-B0D1-24BCBBE1F4F2}.Debug|x64.ActiveCfg = Debug|Any CPU
		{B30E6A46-2769-46F8-B0D1-24BCBBE1F4F2}.Debug|x64.Build.0 = Debug|Any CPU
		{B30E6A46-2769-46F8-B0D1-24BCBBE1F4F2}.Debug|x64.Deploy.0 = Debug|Any CPU
		{B30E6A46-2769-46F8-B0D1-24BCBBE1F4F2}.Debug|x86.ActiveCfg = Debug|Any CPU
		{B30E6A46-2769-46F8-B0D1-24BCBBE1F4F2}.Debug|x86.Build.0 = Debug|Any CPU
		{B30E6A46-2769-46F8-B0D1-24BCBBE1F4F2}.Debug|x86.Deploy.0 = Debug|Any CPU
		{B30E6A46-2769-46F8-B0D1-24BCBBE1F4F2}.RCS-PortableShop-Debug|Any CPU.ActiveCfg = Debug|Any CPU
		{B30E6A46-2769-46F8-B0D1-24BCBBE1F4F2}.RCS-PortableShop-Debug|Any CPU.Build.0 = Debug|Any CPU
		{B30E6A46-2769-46F8-B0D1-24BCBBE1F4F2}.RCS-PortableShop-Debug|Any CPU.Deploy.0 = Debug|Any CPU
		{B30E6A46-2769-46F8-B0D1-24BCBBE1F4F2}.RCS-PortableShop-Debug|ARM.ActiveCfg = Debug|Any CPU
		{B30E6A46-2769-46F8-B0D1-24BCBBE1F4F2}.RCS-PortableShop-Debug|ARM.Build.0 = Debug|Any CPU
		{B30E6A46-2769-46F8-B0D1-24BCBBE1F4F2}.RCS-PortableShop-Debug|ARM.Deploy.0 = Debug|Any CPU
		{B30E6A46-2769-46F8-B0D1-24BCBBE1F4F2}.RCS-PortableShop-Debug|iPhone.ActiveCfg = Debug|Any CPU
		{B30E6A46-2769-46F8-B0D1-24BCBBE1F4F2}.RCS-PortableShop-Debug|iPhone.Build.0 = Debug|Any CPU
		{B30E6A46-2769-46F8-B0D1-24BCBBE1F4F2}.RCS-PortableShop-Debug|iPhone.Deploy.0 = Debug|Any CPU
		{B30E6A46-2769-46F8-B0D1-24BCBBE1F4F2}.RCS-PortableShop-Debug|iPhoneSimulator.ActiveCfg = Debug|Any CPU
		{B30E6A46-2769-46F8-B0D1-24BCBBE1F4F2}.RCS-PortableShop-Debug|iPhoneSimulator.Build.0 = Debug|Any CPU
		{B30E6A46-2769-46F8-B0D1-24BCBBE1F4F2}.RCS-PortableShop-Debug|iPhoneSimulator.Deploy.0 = Debug|Any CPU
		{B30E6A46-2769-46F8-B0D1-24BCBBE1F4F2}.RCS-PortableShop-Debug|x64.ActiveCfg = Debug|Any CPU
		{B30E6A46-2769-46F8-B0D1-24BCBBE1F4F2}.RCS-PortableShop-Debug|x64.Build.0 = Debug|Any CPU
		{B30E6A46-2769-46F8-B0D1-24BCBBE1F4F2}.RCS-PortableShop-Debug|x64.Deploy.0 = Debug|Any CPU
		{B30E6A46-2769-46F8-B0D1-24BCBBE1F4F2}.RCS-PortableShop-Debug|x86.ActiveCfg = Debug|Any CPU
		{B30E6A46-2769-46F8-B0D1-24BCBBE1F4F2}.RCS-PortableShop-Debug|x86.Build.0 = Debug|Any CPU
		{B30E6A46-2769-46F8-B0D1-24BCBBE1F4F2}.RCS-PortableShop-Debug|x86.Deploy.0 = Debug|Any CPU
		{B30E6A46-2769-46F8-B0D1-24BCBBE1F4F2}.RCS-PortableShop-Release|Any CPU.ActiveCfg = Release|Any CPU
		{B30E6A46-2769-46F8-B0D1-24BCBBE1F4F2}.RCS-PortableShop-Release|Any CPU.Build.0 = Release|Any CPU
		{B30E6A46-2769-46F8-B0D1-24BCBBE1F4F2}.RCS-PortableShop-Release|Any CPU.Deploy.0 = Release|Any CPU
		{B30E6A46-2769-46F8-B0D1-24BCBBE1F4F2}.RCS-PortableShop-Release|ARM.ActiveCfg = Debug|Any CPU
		{B30E6A46-2769-46F8-B0D1-24BCBBE1F4F2}.RCS-PortableShop-Release|ARM.Build.0 = Debug|Any CPU
		{B30E6A46-2769-46F8-B0D1-24BCBBE1F4F2}.RCS-PortableShop-Release|ARM.Deploy.0 = Debug|Any CPU
		{B30E6A46-2769-46F8-B0D1-24BCBBE1F4F2}.RCS-PortableShop-Release|iPhone.ActiveCfg = Debug|Any CPU
		{B30E6A46-2769-46F8-B0D1-24BCBBE1F4F2}.RCS-PortableShop-Release|iPhone.Build.0 = Debug|Any CPU
		{B30E6A46-2769-46F8-B0D1-24BCBBE1F4F2}.RCS-PortableShop-Release|iPhone.Deploy.0 = Debug|Any CPU
		{B30E6A46-2769-46F8-B0D1-24BCBBE1F4F2}.RCS-PortableShop-Release|iPhoneSimulator.ActiveCfg = Debug|Any CPU
		{B30E6A46-2769-46F8-B0D1-24BCBBE1F4F2}.RCS-PortableShop-Release|iPhoneSimulator.Build.0 = Debug|Any CPU
		{B30E6A46-2769-46F8-B0D1-24BCBBE1F4F2}.RCS-PortableShop-Release|iPhoneSimulator.Deploy.0 = Debug|Any CPU
		{B30E6A46-2769-46F8-B0D1-24BCBBE1F4F2}.RCS-PortableShop-Release|x64.ActiveCfg = Debug|Any CPU
		{B30E6A46-2769-46F8-B0D1-24BCBBE1F4F2}.RCS-PortableShop-Release|x64.Build.0 = Debug|Any CPU
		{B30E6A46-2769-46F8-B0D1-24BCBBE1F4F2}.RCS-PortableShop-Release|x64.Deploy.0 = Debug|Any CPU
		{B30E6A46-2769-46F8-B0D1-24BCBBE1F4F2}.RCS-PortableShop-Release|x86.ActiveCfg = Debug|Any CPU
		{B30E6A46-2769-46F8-B0D1-24BCBBE1F4F2}.RCS-PortableShop-Release|x86.Build.0 = Debug|Any CPU
		{B30E6A46-2769-46F8-B0D1-24BCBBE1F4F2}.RCS-PortableShop-Release|x86.Deploy.0 = Debug|Any CPU
		{B30E6A46-2769-46F8-B0D1-24BCBBE1F4F2}.Release|Any CPU.ActiveCfg = Release|Any CPU
		{B30E6A46-2769-46F8-B0D1-24BCBBE1F4F2}.Release|Any CPU.Build.0 = Release|Any CPU
		{B30E6A46-2769-46F8-B0D1-24BCBBE1F4F2}.Release|Any CPU.Deploy.0 = Release|Any CPU
		{B30E6A46-2769-46F8-B0D1-24BCBBE1F4F2}.Release|ARM.ActiveCfg = Release|Any CPU
		{B30E6A46-2769-46F8-B0D1-24BCBBE1F4F2}.Release|ARM.Build.0 = Release|Any CPU
		{B30E6A46-2769-46F8-B0D1-24BCBBE1F4F2}.Release|ARM.Deploy.0 = Release|Any CPU
		{B30E6A46-2769-46F8-B0D1-24BCBBE1F4F2}.Release|iPhone.ActiveCfg = Release|Any CPU
		{B30E6A46-2769-46F8-B0D1-24BCBBE1F4F2}.Release|iPhone.Build.0 = Release|Any CPU
		{B30E6A46-2769-46F8-B0D1-24BCBBE1F4F2}.Release|iPhone.Deploy.0 = Release|Any CPU
		{B30E6A46-2769-46F8-B0D1-24BCBBE1F4F2}.Release|iPhoneSimulator.ActiveCfg = Release|Any CPU
		{B30E6A46-2769-46F8-B0D1-24BCBBE1F4F2}.Release|iPhoneSimulator.Build.0 = Release|Any CPU
		{B30E6A46-2769-46F8-B0D1-24BCBBE1F4F2}.Release|iPhoneSimulator.Deploy.0 = Release|Any CPU
		{B30E6A46-2769-46F8-B0D1-24BCBBE1F4F2}.Release|x64.ActiveCfg = Release|Any CPU
		{B30E6A46-2769-46F8-B0D1-24BCBBE1F4F2}.Release|x64.Build.0 = Release|Any CPU
		{B30E6A46-2769-46F8-B0D1-24BCBBE1F4F2}.Release|x64.Deploy.0 = Release|Any CPU
		{B30E6A46-2769-46F8-B0D1-24BCBBE1F4F2}.Release|x86.ActiveCfg = Release|Any CPU
		{B30E6A46-2769-46F8-B0D1-24BCBBE1F4F2}.Release|x86.Build.0 = Release|Any CPU
		{B30E6A46-2769-46F8-B0D1-24BCBBE1F4F2}.Release|x86.Deploy.0 = Release|Any CPU
		{CCF5BF7A-5A36-4E98-A978-023BCD877008}.Ad-Hoc|Any CPU.ActiveCfg = Release|Any CPU
		{CCF5BF7A-5A36-4E98-A978-023BCD877008}.Ad-Hoc|Any CPU.Build.0 = Release|Any CPU
		{CCF5BF7A-5A36-4E98-A978-023BCD877008}.Ad-Hoc|ARM.ActiveCfg = Release|Any CPU
		{CCF5BF7A-5A36-4E98-A978-023BCD877008}.Ad-Hoc|ARM.Build.0 = Release|Any CPU
		{CCF5BF7A-5A36-4E98-A978-023BCD877008}.Ad-Hoc|iPhone.ActiveCfg = Release|Any CPU
		{CCF5BF7A-5A36-4E98-A978-023BCD877008}.Ad-Hoc|iPhone.Build.0 = Release|Any CPU
		{CCF5BF7A-5A36-4E98-A978-023BCD877008}.Ad-Hoc|iPhoneSimulator.ActiveCfg = Release|Any CPU
		{CCF5BF7A-5A36-4E98-A978-023BCD877008}.Ad-Hoc|iPhoneSimulator.Build.0 = Release|Any CPU
		{CCF5BF7A-5A36-4E98-A978-023BCD877008}.Ad-Hoc|x64.ActiveCfg = Release|Any CPU
		{CCF5BF7A-5A36-4E98-A978-023BCD877008}.Ad-Hoc|x64.Build.0 = Release|Any CPU
		{CCF5BF7A-5A36-4E98-A978-023BCD877008}.Ad-Hoc|x86.ActiveCfg = Release|Any CPU
		{CCF5BF7A-5A36-4E98-A978-023BCD877008}.Ad-Hoc|x86.Build.0 = Release|Any CPU
		{CCF5BF7A-5A36-4E98-A978-023BCD877008}.AppStore|Any CPU.ActiveCfg = Release|Any CPU
		{CCF5BF7A-5A36-4E98-A978-023BCD877008}.AppStore|Any CPU.Build.0 = Release|Any CPU
		{CCF5BF7A-5A36-4E98-A978-023BCD877008}.AppStore|ARM.ActiveCfg = Release|Any CPU
		{CCF5BF7A-5A36-4E98-A978-023BCD877008}.AppStore|ARM.Build.0 = Release|Any CPU
		{CCF5BF7A-5A36-4E98-A978-023BCD877008}.AppStore|iPhone.ActiveCfg = Release|Any CPU
		{CCF5BF7A-5A36-4E98-A978-023BCD877008}.AppStore|iPhone.Build.0 = Release|Any CPU
		{CCF5BF7A-5A36-4E98-A978-023BCD877008}.AppStore|iPhoneSimulator.ActiveCfg = Release|Any CPU
		{CCF5BF7A-5A36-4E98-A978-023BCD877008}.AppStore|iPhoneSimulator.Build.0 = Release|Any CPU
		{CCF5BF7A-5A36-4E98-A978-023BCD877008}.AppStore|x64.ActiveCfg = Release|Any CPU
		{CCF5BF7A-5A36-4E98-A978-023BCD877008}.AppStore|x64.Build.0 = Release|Any CPU
		{CCF5BF7A-5A36-4E98-A978-023BCD877008}.AppStore|x86.ActiveCfg = Release|Any CPU
		{CCF5BF7A-5A36-4E98-A978-023BCD877008}.AppStore|x86.Build.0 = Release|Any CPU
		{CCF5BF7A-5A36-4E98-A978-023BCD877008}.Debug|Any CPU.ActiveCfg = Debug|Any CPU
		{CCF5BF7A-5A36-4E98-A978-023BCD877008}.Debug|Any CPU.Build.0 = Debug|Any CPU
		{CCF5BF7A-5A36-4E98-A978-023BCD877008}.Debug|ARM.ActiveCfg = Debug|Any CPU
		{CCF5BF7A-5A36-4E98-A978-023BCD877008}.Debug|ARM.Build.0 = Debug|Any CPU
		{CCF5BF7A-5A36-4E98-A978-023BCD877008}.Debug|iPhone.ActiveCfg = Debug|Any CPU
		{CCF5BF7A-5A36-4E98-A978-023BCD877008}.Debug|iPhone.Build.0 = Debug|Any CPU
		{CCF5BF7A-5A36-4E98-A978-023BCD877008}.Debug|iPhoneSimulator.ActiveCfg = Debug|Any CPU
		{CCF5BF7A-5A36-4E98-A978-023BCD877008}.Debug|iPhoneSimulator.Build.0 = Debug|Any CPU
		{CCF5BF7A-5A36-4E98-A978-023BCD877008}.Debug|x64.ActiveCfg = Debug|Any CPU
		{CCF5BF7A-5A36-4E98-A978-023BCD877008}.Debug|x64.Build.0 = Debug|Any CPU
		{CCF5BF7A-5A36-4E98-A978-023BCD877008}.Debug|x86.ActiveCfg = Debug|Any CPU
		{CCF5BF7A-5A36-4E98-A978-023BCD877008}.Debug|x86.Build.0 = Debug|Any CPU
		{CCF5BF7A-5A36-4E98-A978-023BCD877008}.RCS-PortableShop-Debug|Any CPU.ActiveCfg = Debug|Any CPU
		{CCF5BF7A-5A36-4E98-A978-023BCD877008}.RCS-PortableShop-Debug|Any CPU.Build.0 = Debug|Any CPU
		{CCF5BF7A-5A36-4E98-A978-023BCD877008}.RCS-PortableShop-Debug|ARM.ActiveCfg = Debug|Any CPU
		{CCF5BF7A-5A36-4E98-A978-023BCD877008}.RCS-PortableShop-Debug|ARM.Build.0 = Debug|Any CPU
		{CCF5BF7A-5A36-4E98-A978-023BCD877008}.RCS-PortableShop-Debug|iPhone.ActiveCfg = Debug|Any CPU
		{CCF5BF7A-5A36-4E98-A978-023BCD877008}.RCS-PortableShop-Debug|iPhone.Build.0 = Debug|Any CPU
		{CCF5BF7A-5A36-4E98-A978-023BCD877008}.RCS-PortableShop-Debug|iPhoneSimulator.ActiveCfg = Debug|Any CPU
		{CCF5BF7A-5A36-4E98-A978-023BCD877008}.RCS-PortableShop-Debug|iPhoneSimulator.Build.0 = Debug|Any CPU
		{CCF5BF7A-5A36-4E98-A978-023BCD877008}.RCS-PortableShop-Debug|x64.ActiveCfg = Debug|Any CPU
		{CCF5BF7A-5A36-4E98-A978-023BCD877008}.RCS-PortableShop-Debug|x64.Build.0 = Debug|Any CPU
		{CCF5BF7A-5A36-4E98-A978-023BCD877008}.RCS-PortableShop-Debug|x86.ActiveCfg = Debug|Any CPU
		{CCF5BF7A-5A36-4E98-A978-023BCD877008}.RCS-PortableShop-Debug|x86.Build.0 = Debug|Any CPU
		{CCF5BF7A-5A36-4E98-A978-023BCD877008}.RCS-PortableShop-Release|Any CPU.ActiveCfg = Release|Any CPU
		{CCF5BF7A-5A36-4E98-A978-023BCD877008}.RCS-PortableShop-Release|Any CPU.Build.0 = Release|Any CPU
		{CCF5BF7A-5A36-4E98-A978-023BCD877008}.RCS-PortableShop-Release|ARM.ActiveCfg = Debug|Any CPU
		{CCF5BF7A-5A36-4E98-A978-023BCD877008}.RCS-PortableShop-Release|ARM.Build.0 = Debug|Any CPU
		{CCF5BF7A-5A36-4E98-A978-023BCD877008}.RCS-PortableShop-Release|iPhone.ActiveCfg = Debug|Any CPU
		{CCF5BF7A-5A36-4E98-A978-023BCD877008}.RCS-PortableShop-Release|iPhone.Build.0 = Debug|Any CPU
		{CCF5BF7A-5A36-4E98-A978-023BCD877008}.RCS-PortableShop-Release|iPhoneSimulator.ActiveCfg = Debug|Any CPU
		{CCF5BF7A-5A36-4E98-A978-023BCD877008}.RCS-PortableShop-Release|iPhoneSimulator.Build.0 = Debug|Any CPU
		{CCF5BF7A-5A36-4E98-A978-023BCD877008}.RCS-PortableShop-Release|x64.ActiveCfg = Debug|Any CPU
		{CCF5BF7A-5A36-4E98-A978-023BCD877008}.RCS-PortableShop-Release|x64.Build.0 = Debug|Any CPU
		{CCF5BF7A-5A36-4E98-A978-023BCD877008}.RCS-PortableShop-Release|x86.ActiveCfg = Debug|Any CPU
		{CCF5BF7A-5A36-4E98-A978-023BCD877008}.RCS-PortableShop-Release|x86.Build.0 = Debug|Any CPU
		{CCF5BF7A-5A36-4E98-A978-023BCD877008}.Release|Any CPU.ActiveCfg = Release|Any CPU
		{CCF5BF7A-5A36-4E98-A978-023BCD877008}.Release|Any CPU.Build.0 = Release|Any CPU
		{CCF5BF7A-5A36-4E98-A978-023BCD877008}.Release|ARM.ActiveCfg = Release|Any CPU
		{CCF5BF7A-5A36-4E98-A978-023BCD877008}.Release|ARM.Build.0 = Release|Any CPU
		{CCF5BF7A-5A36-4E98-A978-023BCD877008}.Release|iPhone.ActiveCfg = Release|Any CPU
		{CCF5BF7A-5A36-4E98-A978-023BCD877008}.Release|iPhone.Build.0 = Release|Any CPU
		{CCF5BF7A-5A36-4E98-A978-023BCD877008}.Release|iPhoneSimulator.ActiveCfg = Release|Any CPU
		{CCF5BF7A-5A36-4E98-A978-023BCD877008}.Release|iPhoneSimulator.Build.0 = Release|Any CPU
		{CCF5BF7A-5A36-4E98-A978-023BCD877008}.Release|x64.ActiveCfg = Release|Any CPU
		{CCF5BF7A-5A36-4E98-A978-023BCD877008}.Release|x64.Build.0 = Release|Any CPU
		{CCF5BF7A-5A36-4E98-A978-023BCD877008}.Release|x86.ActiveCfg = Release|Any CPU
		{CCF5BF7A-5A36-4E98-A978-023BCD877008}.Release|x86.Build.0 = Release|Any CPU
		{0D6C7470-AE24-4262-BEF4-F26ED7D2D76C}.Ad-Hoc|Any CPU.ActiveCfg = Release|Any CPU
		{0D6C7470-AE24-4262-BEF4-F26ED7D2D76C}.Ad-Hoc|Any CPU.Build.0 = Release|Any CPU
		{0D6C7470-AE24-4262-BEF4-F26ED7D2D76C}.Ad-Hoc|ARM.ActiveCfg = Release|Any CPU
		{0D6C7470-AE24-4262-BEF4-F26ED7D2D76C}.Ad-Hoc|ARM.Build.0 = Release|Any CPU
		{0D6C7470-AE24-4262-BEF4-F26ED7D2D76C}.Ad-Hoc|iPhone.ActiveCfg = Release|Any CPU
		{0D6C7470-AE24-4262-BEF4-F26ED7D2D76C}.Ad-Hoc|iPhone.Build.0 = Release|Any CPU
		{0D6C7470-AE24-4262-BEF4-F26ED7D2D76C}.Ad-Hoc|iPhoneSimulator.ActiveCfg = Release|Any CPU
		{0D6C7470-AE24-4262-BEF4-F26ED7D2D76C}.Ad-Hoc|iPhoneSimulator.Build.0 = Release|Any CPU
		{0D6C7470-AE24-4262-BEF4-F26ED7D2D76C}.Ad-Hoc|x64.ActiveCfg = Release|Any CPU
		{0D6C7470-AE24-4262-BEF4-F26ED7D2D76C}.Ad-Hoc|x64.Build.0 = Release|Any CPU
		{0D6C7470-AE24-4262-BEF4-F26ED7D2D76C}.Ad-Hoc|x86.ActiveCfg = Release|Any CPU
		{0D6C7470-AE24-4262-BEF4-F26ED7D2D76C}.Ad-Hoc|x86.Build.0 = Release|Any CPU
		{0D6C7470-AE24-4262-BEF4-F26ED7D2D76C}.AppStore|Any CPU.ActiveCfg = Release|Any CPU
		{0D6C7470-AE24-4262-BEF4-F26ED7D2D76C}.AppStore|Any CPU.Build.0 = Release|Any CPU
		{0D6C7470-AE24-4262-BEF4-F26ED7D2D76C}.AppStore|ARM.ActiveCfg = Release|Any CPU
		{0D6C7470-AE24-4262-BEF4-F26ED7D2D76C}.AppStore|ARM.Build.0 = Release|Any CPU
		{0D6C7470-AE24-4262-BEF4-F26ED7D2D76C}.AppStore|iPhone.ActiveCfg = Release|Any CPU
		{0D6C7470-AE24-4262-BEF4-F26ED7D2D76C}.AppStore|iPhone.Build.0 = Release|Any CPU
		{0D6C7470-AE24-4262-BEF4-F26ED7D2D76C}.AppStore|iPhoneSimulator.ActiveCfg = Release|Any CPU
		{0D6C7470-AE24-4262-BEF4-F26ED7D2D76C}.AppStore|iPhoneSimulator.Build.0 = Release|Any CPU
		{0D6C7470-AE24-4262-BEF4-F26ED7D2D76C}.AppStore|x64.ActiveCfg = Release|Any CPU
		{0D6C7470-AE24-4262-BEF4-F26ED7D2D76C}.AppStore|x64.Build.0 = Release|Any CPU
		{0D6C7470-AE24-4262-BEF4-F26ED7D2D76C}.AppStore|x86.ActiveCfg = Release|Any CPU
		{0D6C7470-AE24-4262-BEF4-F26ED7D2D76C}.AppStore|x86.Build.0 = Release|Any CPU
		{0D6C7470-AE24-4262-BEF4-F26ED7D2D76C}.Debug|Any CPU.ActiveCfg = Debug|Any CPU
		{0D6C7470-AE24-4262-BEF4-F26ED7D2D76C}.Debug|Any CPU.Build.0 = Debug|Any CPU
		{0D6C7470-AE24-4262-BEF4-F26ED7D2D76C}.Debug|ARM.ActiveCfg = Debug|Any CPU
		{0D6C7470-AE24-4262-BEF4-F26ED7D2D76C}.Debug|ARM.Build.0 = Debug|Any CPU
		{0D6C7470-AE24-4262-BEF4-F26ED7D2D76C}.Debug|iPhone.ActiveCfg = Debug|Any CPU
		{0D6C7470-AE24-4262-BEF4-F26ED7D2D76C}.Debug|iPhone.Build.0 = Debug|Any CPU
		{0D6C7470-AE24-4262-BEF4-F26ED7D2D76C}.Debug|iPhoneSimulator.ActiveCfg = Debug|Any CPU
		{0D6C7470-AE24-4262-BEF4-F26ED7D2D76C}.Debug|iPhoneSimulator.Build.0 = Debug|Any CPU
		{0D6C7470-AE24-4262-BEF4-F26ED7D2D76C}.Debug|x64.ActiveCfg = Debug|Any CPU
		{0D6C7470-AE24-4262-BEF4-F26ED7D2D76C}.Debug|x64.Build.0 = Debug|Any CPU
		{0D6C7470-AE24-4262-BEF4-F26ED7D2D76C}.Debug|x86.ActiveCfg = Debug|Any CPU
		{0D6C7470-AE24-4262-BEF4-F26ED7D2D76C}.Debug|x86.Build.0 = Debug|Any CPU
		{0D6C7470-AE24-4262-BEF4-F26ED7D2D76C}.RCS-PortableShop-Debug|Any CPU.ActiveCfg = Debug|Any CPU
		{0D6C7470-AE24-4262-BEF4-F26ED7D2D76C}.RCS-PortableShop-Debug|Any CPU.Build.0 = Debug|Any CPU
		{0D6C7470-AE24-4262-BEF4-F26ED7D2D76C}.RCS-PortableShop-Debug|ARM.ActiveCfg = Debug|Any CPU
		{0D6C7470-AE24-4262-BEF4-F26ED7D2D76C}.RCS-PortableShop-Debug|ARM.Build.0 = Debug|Any CPU
		{0D6C7470-AE24-4262-BEF4-F26ED7D2D76C}.RCS-PortableShop-Debug|iPhone.ActiveCfg = Debug|Any CPU
		{0D6C7470-AE24-4262-BEF4-F26ED7D2D76C}.RCS-PortableShop-Debug|iPhone.Build.0 = Debug|Any CPU
		{0D6C7470-AE24-4262-BEF4-F26ED7D2D76C}.RCS-PortableShop-Debug|iPhoneSimulator.ActiveCfg = Debug|Any CPU
		{0D6C7470-AE24-4262-BEF4-F26ED7D2D76C}.RCS-PortableShop-Debug|iPhoneSimulator.Build.0 = Debug|Any CPU
		{0D6C7470-AE24-4262-BEF4-F26ED7D2D76C}.RCS-PortableShop-Debug|x64.ActiveCfg = Debug|Any CPU
		{0D6C7470-AE24-4262-BEF4-F26ED7D2D76C}.RCS-PortableShop-Debug|x64.Build.0 = Debug|Any CPU
		{0D6C7470-AE24-4262-BEF4-F26ED7D2D76C}.RCS-PortableShop-Debug|x86.ActiveCfg = Debug|Any CPU
		{0D6C7470-AE24-4262-BEF4-F26ED7D2D76C}.RCS-PortableShop-Debug|x86.Build.0 = Debug|Any CPU
		{0D6C7470-AE24-4262-BEF4-F26ED7D2D76C}.RCS-PortableShop-Release|Any CPU.ActiveCfg = Release|Any CPU
		{0D6C7470-AE24-4262-BEF4-F26ED7D2D76C}.RCS-PortableShop-Release|Any CPU.Build.0 = Release|Any CPU
		{0D6C7470-AE24-4262-BEF4-F26ED7D2D76C}.RCS-PortableShop-Release|ARM.ActiveCfg = Debug|Any CPU
		{0D6C7470-AE24-4262-BEF4-F26ED7D2D76C}.RCS-PortableShop-Release|ARM.Build.0 = Debug|Any CPU
		{0D6C7470-AE24-4262-BEF4-F26ED7D2D76C}.RCS-PortableShop-Release|iPhone.ActiveCfg = Debug|Any CPU
		{0D6C7470-AE24-4262-BEF4-F26ED7D2D76C}.RCS-PortableShop-Release|iPhone.Build.0 = Debug|Any CPU
		{0D6C7470-AE24-4262-BEF4-F26ED7D2D76C}.RCS-PortableShop-Release|iPhoneSimulator.ActiveCfg = Debug|Any CPU
		{0D6C7470-AE24-4262-BEF4-F26ED7D2D76C}.RCS-PortableShop-Release|iPhoneSimulator.Build.0 = Debug|Any CPU
		{0D6C7470-AE24-4262-BEF4-F26ED7D2D76C}.RCS-PortableShop-Release|x64.ActiveCfg = Debug|Any CPU
		{0D6C7470-AE24-4262-BEF4-F26ED7D2D76C}.RCS-PortableShop-Release|x64.Build.0 = Debug|Any CPU
		{0D6C7470-AE24-4262-BEF4-F26ED7D2D76C}.RCS-PortableShop-Release|x86.ActiveCfg = Debug|Any CPU
		{0D6C7470-AE24-4262-BEF4-F26ED7D2D76C}.RCS-PortableShop-Release|x86.Build.0 = Debug|Any CPU
		{0D6C7470-AE24-4262-BEF4-F26ED7D2D76C}.Release|Any CPU.ActiveCfg = Release|Any CPU
		{0D6C7470-AE24-4262-BEF4-F26ED7D2D76C}.Release|Any CPU.Build.0 = Release|Any CPU
		{0D6C7470-AE24-4262-BEF4-F26ED7D2D76C}.Release|ARM.ActiveCfg = Release|Any CPU
		{0D6C7470-AE24-4262-BEF4-F26ED7D2D76C}.Release|ARM.Build.0 = Release|Any CPU
		{0D6C7470-AE24-4262-BEF4-F26ED7D2D76C}.Release|iPhone.ActiveCfg = Release|Any CPU
		{0D6C7470-AE24-4262-BEF4-F26ED7D2D76C}.Release|iPhone.Build.0 = Release|Any CPU
		{0D6C7470-AE24-4262-BEF4-F26ED7D2D76C}.Release|iPhoneSimulator.ActiveCfg = Release|Any CPU
		{0D6C7470-AE24-4262-BEF4-F26ED7D2D76C}.Release|iPhoneSimulator.Build.0 = Release|Any CPU
		{0D6C7470-AE24-4262-BEF4-F26ED7D2D76C}.Release|x64.ActiveCfg = Release|Any CPU
		{0D6C7470-AE24-4262-BEF4-F26ED7D2D76C}.Release|x64.Build.0 = Release|Any CPU
		{0D6C7470-AE24-4262-BEF4-F26ED7D2D76C}.Release|x86.ActiveCfg = Release|Any CPU
		{0D6C7470-AE24-4262-BEF4-F26ED7D2D76C}.Release|x86.Build.0 = Release|Any CPU
		{301EE603-C92B-4552-A7E5-C63A091563A8}.Ad-Hoc|Any CPU.ActiveCfg = Release|Any CPU
		{301EE603-C92B-4552-A7E5-C63A091563A8}.Ad-Hoc|Any CPU.Build.0 = Release|Any CPU
		{301EE603-C92B-4552-A7E5-C63A091563A8}.Ad-Hoc|ARM.ActiveCfg = Release|Any CPU
		{301EE603-C92B-4552-A7E5-C63A091563A8}.Ad-Hoc|ARM.Build.0 = Release|Any CPU
		{301EE603-C92B-4552-A7E5-C63A091563A8}.Ad-Hoc|iPhone.ActiveCfg = Release|Any CPU
		{301EE603-C92B-4552-A7E5-C63A091563A8}.Ad-Hoc|iPhone.Build.0 = Release|Any CPU
		{301EE603-C92B-4552-A7E5-C63A091563A8}.Ad-Hoc|iPhoneSimulator.ActiveCfg = Release|Any CPU
		{301EE603-C92B-4552-A7E5-C63A091563A8}.Ad-Hoc|iPhoneSimulator.Build.0 = Release|Any CPU
		{301EE603-C92B-4552-A7E5-C63A091563A8}.Ad-Hoc|x64.ActiveCfg = Release|Any CPU
		{301EE603-C92B-4552-A7E5-C63A091563A8}.Ad-Hoc|x64.Build.0 = Release|Any CPU
		{301EE603-C92B-4552-A7E5-C63A091563A8}.Ad-Hoc|x86.ActiveCfg = Release|Any CPU
		{301EE603-C92B-4552-A7E5-C63A091563A8}.Ad-Hoc|x86.Build.0 = Release|Any CPU
		{301EE603-C92B-4552-A7E5-C63A091563A8}.AppStore|Any CPU.ActiveCfg = Release|Any CPU
		{301EE603-C92B-4552-A7E5-C63A091563A8}.AppStore|Any CPU.Build.0 = Release|Any CPU
		{301EE603-C92B-4552-A7E5-C63A091563A8}.AppStore|ARM.ActiveCfg = Release|Any CPU
		{301EE603-C92B-4552-A7E5-C63A091563A8}.AppStore|ARM.Build.0 = Release|Any CPU
		{301EE603-C92B-4552-A7E5-C63A091563A8}.AppStore|iPhone.ActiveCfg = Release|Any CPU
		{301EE603-C92B-4552-A7E5-C63A091563A8}.AppStore|iPhone.Build.0 = Release|Any CPU
		{301EE603-C92B-4552-A7E5-C63A091563A8}.AppStore|iPhoneSimulator.ActiveCfg = Release|Any CPU
		{301EE603-C92B-4552-A7E5-C63A091563A8}.AppStore|iPhoneSimulator.Build.0 = Release|Any CPU
		{301EE603-C92B-4552-A7E5-C63A091563A8}.AppStore|x64.ActiveCfg = Release|Any CPU
		{301EE603-C92B-4552-A7E5-C63A091563A8}.AppStore|x64.Build.0 = Release|Any CPU
		{301EE603-C92B-4552-A7E5-C63A091563A8}.AppStore|x86.ActiveCfg = Release|Any CPU
		{301EE603-C92B-4552-A7E5-C63A091563A8}.AppStore|x86.Build.0 = Release|Any CPU
		{301EE603-C92B-4552-A7E5-C63A091563A8}.Debug|Any CPU.ActiveCfg = Debug|Any CPU
		{301EE603-C92B-4552-A7E5-C63A091563A8}.Debug|Any CPU.Build.0 = Debug|Any CPU
		{301EE603-C92B-4552-A7E5-C63A091563A8}.Debug|ARM.ActiveCfg = Debug|Any CPU
		{301EE603-C92B-4552-A7E5-C63A091563A8}.Debug|ARM.Build.0 = Debug|Any CPU
		{301EE603-C92B-4552-A7E5-C63A091563A8}.Debug|iPhone.ActiveCfg = Debug|Any CPU
		{301EE603-C92B-4552-A7E5-C63A091563A8}.Debug|iPhone.Build.0 = Debug|Any CPU
		{301EE603-C92B-4552-A7E5-C63A091563A8}.Debug|iPhoneSimulator.ActiveCfg = Debug|Any CPU
		{301EE603-C92B-4552-A7E5-C63A091563A8}.Debug|iPhoneSimulator.Build.0 = Debug|Any CPU
		{301EE603-C92B-4552-A7E5-C63A091563A8}.Debug|x64.ActiveCfg = Debug|Any CPU
		{301EE603-C92B-4552-A7E5-C63A091563A8}.Debug|x64.Build.0 = Debug|Any CPU
		{301EE603-C92B-4552-A7E5-C63A091563A8}.Debug|x86.ActiveCfg = Debug|Any CPU
		{301EE603-C92B-4552-A7E5-C63A091563A8}.Debug|x86.Build.0 = Debug|Any CPU
		{301EE603-C92B-4552-A7E5-C63A091563A8}.RCS-PortableShop-Debug|Any CPU.ActiveCfg = Debug|Any CPU
		{301EE603-C92B-4552-A7E5-C63A091563A8}.RCS-PortableShop-Debug|Any CPU.Build.0 = Debug|Any CPU
		{301EE603-C92B-4552-A7E5-C63A091563A8}.RCS-PortableShop-Debug|ARM.ActiveCfg = Debug|Any CPU
		{301EE603-C92B-4552-A7E5-C63A091563A8}.RCS-PortableShop-Debug|ARM.Build.0 = Debug|Any CPU
		{301EE603-C92B-4552-A7E5-C63A091563A8}.RCS-PortableShop-Debug|iPhone.ActiveCfg = Debug|Any CPU
		{301EE603-C92B-4552-A7E5-C63A091563A8}.RCS-PortableShop-Debug|iPhone.Build.0 = Debug|Any CPU
		{301EE603-C92B-4552-A7E5-C63A091563A8}.RCS-PortableShop-Debug|iPhoneSimulator.ActiveCfg = Debug|Any CPU
		{301EE603-C92B-4552-A7E5-C63A091563A8}.RCS-PortableShop-Debug|iPhoneSimulator.Build.0 = Debug|Any CPU
		{301EE603-C92B-4552-A7E5-C63A091563A8}.RCS-PortableShop-Debug|x64.ActiveCfg = Debug|Any CPU
		{301EE603-C92B-4552-A7E5-C63A091563A8}.RCS-PortableShop-Debug|x64.Build.0 = Debug|Any CPU
		{301EE603-C92B-4552-A7E5-C63A091563A8}.RCS-PortableShop-Debug|x86.ActiveCfg = Debug|Any CPU
		{301EE603-C92B-4552-A7E5-C63A091563A8}.RCS-PortableShop-Debug|x86.Build.0 = Debug|Any CPU
		{301EE603-C92B-4552-A7E5-C63A091563A8}.RCS-PortableShop-Release|Any CPU.ActiveCfg = Release|Any CPU
		{301EE603-C92B-4552-A7E5-C63A091563A8}.RCS-PortableShop-Release|Any CPU.Build.0 = Release|Any CPU
		{301EE603-C92B-4552-A7E5-C63A091563A8}.RCS-PortableShop-Release|ARM.ActiveCfg = Debug|Any CPU
		{301EE603-C92B-4552-A7E5-C63A091563A8}.RCS-PortableShop-Release|ARM.Build.0 = Debug|Any CPU
		{301EE603-C92B-4552-A7E5-C63A091563A8}.RCS-PortableShop-Release|iPhone.ActiveCfg = Debug|Any CPU
		{301EE603-C92B-4552-A7E5-C63A091563A8}.RCS-PortableShop-Release|iPhone.Build.0 = Debug|Any CPU
		{301EE603-C92B-4552-A7E5-C63A091563A8}.RCS-PortableShop-Release|iPhoneSimulator.ActiveCfg = Debug|Any CPU
		{301EE603-C92B-4552-A7E5-C63A091563A8}.RCS-PortableShop-Release|iPhoneSimulator.Build.0 = Debug|Any CPU
		{301EE603-C92B-4552-A7E5-C63A091563A8}.RCS-PortableShop-Release|x64.ActiveCfg = Debug|Any CPU
		{301EE603-C92B-4552-A7E5-C63A091563A8}.RCS-PortableShop-Release|x64.Build.0 = Debug|Any CPU
		{301EE603-C92B-4552-A7E5-C63A091563A8}.RCS-PortableShop-Release|x86.ActiveCfg = Debug|Any CPU
		{301EE603-C92B-4552-A7E5-C63A091563A8}.RCS-PortableShop-Release|x86.Build.0 = Debug|Any CPU
		{301EE603-C92B-4552-A7E5-C63A091563A8}.Release|Any CPU.ActiveCfg = Release|Any CPU
		{301EE603-C92B-4552-A7E5-C63A091563A8}.Release|Any CPU.Build.0 = Release|Any CPU
		{301EE603-C92B-4552-A7E5-C63A091563A8}.Release|ARM.ActiveCfg = Release|Any CPU
		{301EE603-C92B-4552-A7E5-C63A091563A8}.Release|ARM.Build.0 = Release|Any CPU
		{301EE603-C92B-4552-A7E5-C63A091563A8}.Release|iPhone.ActiveCfg = Release|Any CPU
		{301EE603-C92B-4552-A7E5-C63A091563A8}.Release|iPhone.Build.0 = Release|Any CPU
		{301EE603-C92B-4552-A7E5-C63A091563A8}.Release|iPhoneSimulator.ActiveCfg = Release|Any CPU
		{301EE603-C92B-4552-A7E5-C63A091563A8}.Release|iPhoneSimulator.Build.0 = Release|Any CPU
		{301EE603-C92B-4552-A7E5-C63A091563A8}.Release|x64.ActiveCfg = Release|Any CPU
		{301EE603-C92B-4552-A7E5-C63A091563A8}.Release|x64.Build.0 = Release|Any CPU
		{301EE603-C92B-4552-A7E5-C63A091563A8}.Release|x86.ActiveCfg = Release|Any CPU
		{301EE603-C92B-4552-A7E5-C63A091563A8}.Release|x86.Build.0 = Release|Any CPU
		{67F9D3A8-F71E-4428-913F-C37AE82CDB24}.Ad-Hoc|Any CPU.ActiveCfg = Release|Any CPU
		{67F9D3A8-F71E-4428-913F-C37AE82CDB24}.Ad-Hoc|Any CPU.Build.0 = Release|Any CPU
		{67F9D3A8-F71E-4428-913F-C37AE82CDB24}.Ad-Hoc|ARM.ActiveCfg = Release|Any CPU
		{67F9D3A8-F71E-4428-913F-C37AE82CDB24}.Ad-Hoc|ARM.Build.0 = Release|Any CPU
		{67F9D3A8-F71E-4428-913F-C37AE82CDB24}.Ad-Hoc|iPhone.ActiveCfg = Release|Any CPU
		{67F9D3A8-F71E-4428-913F-C37AE82CDB24}.Ad-Hoc|iPhone.Build.0 = Release|Any CPU
		{67F9D3A8-F71E-4428-913F-C37AE82CDB24}.Ad-Hoc|iPhoneSimulator.ActiveCfg = Release|Any CPU
		{67F9D3A8-F71E-4428-913F-C37AE82CDB24}.Ad-Hoc|iPhoneSimulator.Build.0 = Release|Any CPU
		{67F9D3A8-F71E-4428-913F-C37AE82CDB24}.Ad-Hoc|x64.ActiveCfg = Release|Any CPU
		{67F9D3A8-F71E-4428-913F-C37AE82CDB24}.Ad-Hoc|x64.Build.0 = Release|Any CPU
		{67F9D3A8-F71E-4428-913F-C37AE82CDB24}.Ad-Hoc|x86.ActiveCfg = Release|Any CPU
		{67F9D3A8-F71E-4428-913F-C37AE82CDB24}.Ad-Hoc|x86.Build.0 = Release|Any CPU
		{67F9D3A8-F71E-4428-913F-C37AE82CDB24}.AppStore|Any CPU.ActiveCfg = Release|Any CPU
		{67F9D3A8-F71E-4428-913F-C37AE82CDB24}.AppStore|Any CPU.Build.0 = Release|Any CPU
		{67F9D3A8-F71E-4428-913F-C37AE82CDB24}.AppStore|ARM.ActiveCfg = Release|Any CPU
		{67F9D3A8-F71E-4428-913F-C37AE82CDB24}.AppStore|ARM.Build.0 = Release|Any CPU
		{67F9D3A8-F71E-4428-913F-C37AE82CDB24}.AppStore|iPhone.ActiveCfg = Release|Any CPU
		{67F9D3A8-F71E-4428-913F-C37AE82CDB24}.AppStore|iPhone.Build.0 = Release|Any CPU
		{67F9D3A8-F71E-4428-913F-C37AE82CDB24}.AppStore|iPhoneSimulator.ActiveCfg = Release|Any CPU
		{67F9D3A8-F71E-4428-913F-C37AE82CDB24}.AppStore|iPhoneSimulator.Build.0 = Release|Any CPU
		{67F9D3A8-F71E-4428-913F-C37AE82CDB24}.AppStore|x64.ActiveCfg = Release|Any CPU
		{67F9D3A8-F71E-4428-913F-C37AE82CDB24}.AppStore|x64.Build.0 = Release|Any CPU
		{67F9D3A8-F71E-4428-913F-C37AE82CDB24}.AppStore|x86.ActiveCfg = Release|Any CPU
		{67F9D3A8-F71E-4428-913F-C37AE82CDB24}.AppStore|x86.Build.0 = Release|Any CPU
		{67F9D3A8-F71E-4428-913F-C37AE82CDB24}.Debug|Any CPU.ActiveCfg = Debug|Any CPU
		{67F9D3A8-F71E-4428-913F-C37AE82CDB24}.Debug|Any CPU.Build.0 = Debug|Any CPU
		{67F9D3A8-F71E-4428-913F-C37AE82CDB24}.Debug|ARM.ActiveCfg = Debug|Any CPU
		{67F9D3A8-F71E-4428-913F-C37AE82CDB24}.Debug|ARM.Build.0 = Debug|Any CPU
		{67F9D3A8-F71E-4428-913F-C37AE82CDB24}.Debug|iPhone.ActiveCfg = Debug|Any CPU
		{67F9D3A8-F71E-4428-913F-C37AE82CDB24}.Debug|iPhone.Build.0 = Debug|Any CPU
		{67F9D3A8-F71E-4428-913F-C37AE82CDB24}.Debug|iPhoneSimulator.ActiveCfg = Debug|Any CPU
		{67F9D3A8-F71E-4428-913F-C37AE82CDB24}.Debug|iPhoneSimulator.Build.0 = Debug|Any CPU
		{67F9D3A8-F71E-4428-913F-C37AE82CDB24}.Debug|x64.ActiveCfg = Debug|Any CPU
		{67F9D3A8-F71E-4428-913F-C37AE82CDB24}.Debug|x64.Build.0 = Debug|Any CPU
		{67F9D3A8-F71E-4428-913F-C37AE82CDB24}.Debug|x86.ActiveCfg = Debug|Any CPU
		{67F9D3A8-F71E-4428-913F-C37AE82CDB24}.Debug|x86.Build.0 = Debug|Any CPU
		{67F9D3A8-F71E-4428-913F-C37AE82CDB24}.RCS-PortableShop-Debug|Any CPU.ActiveCfg = Debug|Any CPU
		{67F9D3A8-F71E-4428-913F-C37AE82CDB24}.RCS-PortableShop-Debug|Any CPU.Build.0 = Debug|Any CPU
		{67F9D3A8-F71E-4428-913F-C37AE82CDB24}.RCS-PortableShop-Debug|ARM.ActiveCfg = Debug|Any CPU
		{67F9D3A8-F71E-4428-913F-C37AE82CDB24}.RCS-PortableShop-Debug|ARM.Build.0 = Debug|Any CPU
		{67F9D3A8-F71E-4428-913F-C37AE82CDB24}.RCS-PortableShop-Debug|iPhone.ActiveCfg = Debug|Any CPU
		{67F9D3A8-F71E-4428-913F-C37AE82CDB24}.RCS-PortableShop-Debug|iPhone.Build.0 = Debug|Any CPU
		{67F9D3A8-F71E-4428-913F-C37AE82CDB24}.RCS-PortableShop-Debug|iPhoneSimulator.ActiveCfg = Debug|Any CPU
		{67F9D3A8-F71E-4428-913F-C37AE82CDB24}.RCS-PortableShop-Debug|iPhoneSimulator.Build.0 = Debug|Any CPU
		{67F9D3A8-F71E-4428-913F-C37AE82CDB24}.RCS-PortableShop-Debug|x64.ActiveCfg = Debug|Any CPU
		{67F9D3A8-F71E-4428-913F-C37AE82CDB24}.RCS-PortableShop-Debug|x64.Build.0 = Debug|Any CPU
		{67F9D3A8-F71E-4428-913F-C37AE82CDB24}.RCS-PortableShop-Debug|x86.ActiveCfg = Debug|Any CPU
		{67F9D3A8-F71E-4428-913F-C37AE82CDB24}.RCS-PortableShop-Debug|x86.Build.0 = Debug|Any CPU
		{67F9D3A8-F71E-4428-913F-C37AE82CDB24}.RCS-PortableShop-Release|Any CPU.ActiveCfg = Release|Any CPU
		{67F9D3A8-F71E-4428-913F-C37AE82CDB24}.RCS-PortableShop-Release|Any CPU.Build.0 = Release|Any CPU
		{67F9D3A8-F71E-4428-913F-C37AE82CDB24}.RCS-PortableShop-Release|ARM.ActiveCfg = Debug|Any CPU
		{67F9D3A8-F71E-4428-913F-C37AE82CDB24}.RCS-PortableShop-Release|ARM.Build.0 = Debug|Any CPU
		{67F9D3A8-F71E-4428-913F-C37AE82CDB24}.RCS-PortableShop-Release|iPhone.ActiveCfg = Debug|Any CPU
		{67F9D3A8-F71E-4428-913F-C37AE82CDB24}.RCS-PortableShop-Release|iPhone.Build.0 = Debug|Any CPU
		{67F9D3A8-F71E-4428-913F-C37AE82CDB24}.RCS-PortableShop-Release|iPhoneSimulator.ActiveCfg = Debug|Any CPU
		{67F9D3A8-F71E-4428-913F-C37AE82CDB24}.RCS-PortableShop-Release|iPhoneSimulator.Build.0 = Debug|Any CPU
		{67F9D3A8-F71E-4428-913F-C37AE82CDB24}.RCS-PortableShop-Release|x64.ActiveCfg = Debug|Any CPU
		{67F9D3A8-F71E-4428-913F-C37AE82CDB24}.RCS-PortableShop-Release|x64.Build.0 = Debug|Any CPU
		{67F9D3A8-F71E-4428-913F-C37AE82CDB24}.RCS-PortableShop-Release|x86.ActiveCfg = Debug|Any CPU
		{67F9D3A8-F71E-4428-913F-C37AE82CDB24}.RCS-PortableShop-Release|x86.Build.0 = Debug|Any CPU
		{67F9D3A8-F71E-4428-913F-C37AE82CDB24}.Release|Any CPU.ActiveCfg = Release|Any CPU
		{67F9D3A8-F71E-4428-913F-C37AE82CDB24}.Release|Any CPU.Build.0 = Release|Any CPU
		{67F9D3A8-F71E-4428-913F-C37AE82CDB24}.Release|ARM.ActiveCfg = Release|Any CPU
		{67F9D3A8-F71E-4428-913F-C37AE82CDB24}.Release|ARM.Build.0 = Release|Any CPU
		{67F9D3A8-F71E-4428-913F-C37AE82CDB24}.Release|iPhone.ActiveCfg = Release|Any CPU
		{67F9D3A8-F71E-4428-913F-C37AE82CDB24}.Release|iPhone.Build.0 = Release|Any CPU
		{67F9D3A8-F71E-4428-913F-C37AE82CDB24}.Release|iPhoneSimulator.ActiveCfg = Release|Any CPU
		{67F9D3A8-F71E-4428-913F-C37AE82CDB24}.Release|iPhoneSimulator.Build.0 = Release|Any CPU
		{67F9D3A8-F71E-4428-913F-C37AE82CDB24}.Release|x64.ActiveCfg = Release|Any CPU
		{67F9D3A8-F71E-4428-913F-C37AE82CDB24}.Release|x64.Build.0 = Release|Any CPU
		{67F9D3A8-F71E-4428-913F-C37AE82CDB24}.Release|x86.ActiveCfg = Release|Any CPU
		{67F9D3A8-F71E-4428-913F-C37AE82CDB24}.Release|x86.Build.0 = Release|Any CPU
	EndGlobalSection
	GlobalSection(SolutionProperties) = preSolution
		HideSolutionNode = FALSE
	EndGlobalSection
	GlobalSection(NestedProjects) = preSolution
		{243D673B-797F-4B02-A594-37A7A09162FA} = {BF5A32B0-CF2E-43E0-BC2B-9CDF5C86730B}
		{3C5788EA-210E-4FDC-B531-3171FAD96622} = {BF5A32B0-CF2E-43E0-BC2B-9CDF5C86730B}
		{6C1B2508-B08F-45A5-9449-DA7FFA50BEBB} = {BF5A32B0-CF2E-43E0-BC2B-9CDF5C86730B}
		{AF10AE97-F898-47E7-A165-8CF8EF0696A6} = {BF5A32B0-CF2E-43E0-BC2B-9CDF5C86730B}
		{B30E6A46-2769-46F8-B0D1-24BCBBE1F4F2} = {BF5A32B0-CF2E-43E0-BC2B-9CDF5C86730B}
		{CCF5BF7A-5A36-4E98-A978-023BCD877008} = {B90E6AA0-E5D0-49FE-A88C-FD0219EFCAC5}
		{0D6C7470-AE24-4262-BEF4-F26ED7D2D76C} = {B90E6AA0-E5D0-49FE-A88C-FD0219EFCAC5}
		{301EE603-C92B-4552-A7E5-C63A091563A8} = {B90E6AA0-E5D0-49FE-A88C-FD0219EFCAC5}
		{67F9D3A8-F71E-4428-913F-C37AE82CDB24} = {B90E6AA0-E5D0-49FE-A88C-FD0219EFCAC5}
	EndGlobalSection
EndGlobal
